// !$*UTF8*$!
{
	archiveVersion = 1;
	classes = {
	};
	objectVersion = 46;
	objects = {

/* Begin PBXBuildFile section */
		5983BE7C986B54F6CC767372 /* Pods_Ready_Badger.framework in Frameworks */ = {isa = PBXBuildFile; fileRef = 9D7834EC459AC1F32B750D9A /* Pods_Ready_Badger.framework */; };
		B612E5DF1DD0D89B0098D47C /* PictureCell.swift in Sources */ = {isa = PBXBuildFile; fileRef = B612E5DE1DD0D89B0098D47C /* PictureCell.swift */; };
		B612E5E11DD0EB0E0098D47C /* Disaster Info.storyboard in Resources */ = {isa = PBXBuildFile; fileRef = B612E5E01DD0EB0E0098D47C /* Disaster Info.storyboard */; };
		B612E5E41DD0EB4C0098D47C /* DisasterInfoViewController.swift in Sources */ = {isa = PBXBuildFile; fileRef = B612E5E31DD0EB4C0098D47C /* DisasterInfoViewController.swift */; };
		B61981021DBDBA0B00787101 /* DamageReport.swift in Sources */ = {isa = PBXBuildFile; fileRef = B61981011DBDBA0B00787101 /* DamageReport.swift */; };
		B61981041DBDBC7800787101 /* DisasterType.swift in Sources */ = {isa = PBXBuildFile; fileRef = B61981031DBDBC7800787101 /* DisasterType.swift */; };
		B61981061DBDC5C700787101 /* State.swift in Sources */ = {isa = PBXBuildFile; fileRef = B61981051DBDC5C700787101 /* State.swift */; };
		B61981081DBDCA2100787101 /* Ownership.swift in Sources */ = {isa = PBXBuildFile; fileRef = B61981071DBDCA2100787101 /* Ownership.swift */; };
		B619810C1DBDCF8B00787101 /* Answer.swift in Sources */ = {isa = PBXBuildFile; fileRef = B619810B1DBDCF8B00787101 /* Answer.swift */; };
		B61981101DBDF8A500787101 /* DamageReportDataSource.swift in Sources */ = {isa = PBXBuildFile; fileRef = B619810F1DBDF8A500787101 /* DamageReportDataSource.swift */; };
		B61981121DBDF8B200787101 /* DamageReportCellType.swift in Sources */ = {isa = PBXBuildFile; fileRef = B61981111DBDF8B200787101 /* DamageReportCellType.swift */; };
		B627DA631DAA21D5009EC6FB /* CountyDataParse.swift in Sources */ = {isa = PBXBuildFile; fileRef = B627DA621DAA21D5009EC6FB /* CountyDataParse.swift */; };
		B627DA651DAA226C009EC6FB /* BackendResponseParse.swift in Sources */ = {isa = PBXBuildFile; fileRef = B627DA641DAA226C009EC6FB /* BackendResponseParse.swift */; };
		B627DA6B1DAA25B7009EC6FB /* County.swift in Sources */ = {isa = PBXBuildFile; fileRef = B627DA6A1DAA25B7009EC6FB /* County.swift */; };
		B627DA6F1DAA2660009EC6FB /* CountyWrites.swift in Sources */ = {isa = PBXBuildFile; fileRef = B627DA6E1DAA2660009EC6FB /* CountyWrites.swift */; };
		B627DA711DAA32B4009EC6FB /* CountyQueries.swift in Sources */ = {isa = PBXBuildFile; fileRef = B627DA701DAA32B4009EC6FB /* CountyQueries.swift */; };
		B627DA731DAA4056009EC6FB /* CountyTableViewCell.swift in Sources */ = {isa = PBXBuildFile; fileRef = B627DA721DAA4056009EC6FB /* CountyTableViewCell.swift */; };
		B627DA7E1DAA4389009EC6FB /* DefaultTheme.swift in Sources */ = {isa = PBXBuildFile; fileRef = B627DA7C1DAA4389009EC6FB /* DefaultTheme.swift */; };
		B627DA7F1DAA4389009EC6FB /* Searchable.swift in Sources */ = {isa = PBXBuildFile; fileRef = B627DA7D1DAA4389009EC6FB /* Searchable.swift */; };
		B627DA811DAAC6A5009EC6FB /* CountySearchLogic.swift in Sources */ = {isa = PBXBuildFile; fileRef = B627DA801DAAC6A5009EC6FB /* CountySearchLogic.swift */; };
		B627DA831DAB5016009EC6FB /* CurrentWeatherRequest.swift in Sources */ = {isa = PBXBuildFile; fileRef = B627DA821DAB5016009EC6FB /* CurrentWeatherRequest.swift */; };
		B627DA851DAB51EA009EC6FB /* CurrentWeatherOperation.swift in Sources */ = {isa = PBXBuildFile; fileRef = B627DA841DAB51EA009EC6FB /* CurrentWeatherOperation.swift */; };
		B627DA881DAB6C72009EC6FB /* CurrentWeatherItem.swift in Sources */ = {isa = PBXBuildFile; fileRef = B627DA871DAB6C72009EC6FB /* CurrentWeatherItem.swift */; };
		B627DA8A1DAB714A009EC6FB /* FeedItem.swift in Sources */ = {isa = PBXBuildFile; fileRef = B627DA891DAB714A009EC6FB /* FeedItem.swift */; };
		B627DA8C1DAB7B33009EC6FB /* HackFeedGather.swift in Sources */ = {isa = PBXBuildFile; fileRef = B627DA8B1DAB7B33009EC6FB /* HackFeedGather.swift */; };
		B627DA8E1DB47543009EC6FB /* Damage Report.storyboard in Resources */ = {isa = PBXBuildFile; fileRef = B627DA8D1DB47543009EC6FB /* Damage Report.storyboard */; };
		B627DA911DB4B093009EC6FB /* DamageReportTableController.swift in Sources */ = {isa = PBXBuildFile; fileRef = B627DA901DB4B093009EC6FB /* DamageReportTableController.swift */; };
		B627DA931DB4B9B7009EC6FB /* OptionController.swift in Sources */ = {isa = PBXBuildFile; fileRef = B627DA921DB4B9B7009EC6FB /* OptionController.swift */; };
		B627DA9B1DB513CA009EC6FB /* DamageReportSegues.swift in Sources */ = {isa = PBXBuildFile; fileRef = B627DA9A1DB513CA009EC6FB /* DamageReportSegues.swift */; };
		B627DA9D1DB51EDC009EC6FB /* FormTableViewController.swift in Sources */ = {isa = PBXBuildFile; fileRef = B627DA9C1DB51EDC009EC6FB /* FormTableViewController.swift */; };
		B62E735F1DA1D21F00C33683 /* AppDelegate.swift in Sources */ = {isa = PBXBuildFile; fileRef = B62E735E1DA1D21F00C33683 /* AppDelegate.swift */; };
		B62E73661DA1D21F00C33683 /* Assets.xcassets in Resources */ = {isa = PBXBuildFile; fileRef = B62E73651DA1D21F00C33683 /* Assets.xcassets */; };
		B6469E881DD04F4A002B109B /* DescriptionViewController.swift in Sources */ = {isa = PBXBuildFile; fileRef = B6469E871DD04F4A002B109B /* DescriptionViewController.swift */; };
		B6469E8F1DD04F72002B109B /* BasementFloodedCell.swift in Sources */ = {isa = PBXBuildFile; fileRef = B6469E8A1DD04F72002B109B /* BasementFloodedCell.swift */; };
		B6469E901DD04F72002B109B /* DamageReportCell.swift in Sources */ = {isa = PBXBuildFile; fileRef = B6469E8B1DD04F72002B109B /* DamageReportCell.swift */; };
		B6469E911DD04F72002B109B /* DamageReportLabelCell.swift in Sources */ = {isa = PBXBuildFile; fileRef = B6469E8C1DD04F72002B109B /* DamageReportLabelCell.swift */; };
		B6469E921DD04F72002B109B /* DateCell.swift in Sources */ = {isa = PBXBuildFile; fileRef = B6469E8D1DD04F72002B109B /* DateCell.swift */; };
		B6469E931DD04F72002B109B /* OptionTableViewCell.swift in Sources */ = {isa = PBXBuildFile; fileRef = B6469E8E1DD04F72002B109B /* OptionTableViewCell.swift */; };
		B655A5D91DD1510600401155 /* Bomb Threat.html in Resources */ = {isa = PBXBuildFile; fileRef = B655A5CF1DD1510600401155 /* Bomb Threat.html */; };
		B655A5DA1DD1510600401155 /* Extreme Heat.html in Resources */ = {isa = PBXBuildFile; fileRef = B655A5D01DD1510600401155 /* Extreme Heat.html */; };
		B655A5DB1DD1510600401155 /* Fire.html in Resources */ = {isa = PBXBuildFile; fileRef = B655A5D11DD1510600401155 /* Fire.html */; };
		B655A5DC1DD1510600401155 /* Flood.html in Resources */ = {isa = PBXBuildFile; fileRef = B655A5D21DD1510600401155 /* Flood.html */; };
		B655A5DD1DD1510600401155 /* Hazardous Material.html in Resources */ = {isa = PBXBuildFile; fileRef = B655A5D31DD1510600401155 /* Hazardous Material.html */; };
		B655A5DE1DD1510600401155 /* Public Health Emergency.html in Resources */ = {isa = PBXBuildFile; fileRef = B655A5D41DD1510600401155 /* Public Health Emergency.html */; };
		B655A5DF1DD1510600401155 /* Power Outage.html in Resources */ = {isa = PBXBuildFile; fileRef = B655A5D51DD1510600401155 /* Power Outage.html */; };
		B655A5E01DD1510600401155 /* Thunderstorm.html in Resources */ = {isa = PBXBuildFile; fileRef = B655A5D61DD1510600401155 /* Thunderstorm.html */; };
		B655A5E11DD1510600401155 /* Tornado.html in Resources */ = {isa = PBXBuildFile; fileRef = B655A5D71DD1510600401155 /* Tornado.html */; };
		B655A5E21DD1510600401155 /* Winter Storm.html in Resources */ = {isa = PBXBuildFile; fileRef = B655A5D81DD1510600401155 /* Winter Storm.html */; };
		B65D26041DAA0615001A3634 /* BackendOperation.swift in Sources */ = {isa = PBXBuildFile; fileRef = B65D25EB1DAA0615001A3634 /* BackendOperation.swift */; };
		B65D26051DAA0615001A3634 /* BackendRequest.swift in Sources */ = {isa = PBXBuildFile; fileRef = B65D25EC1DAA0615001A3634 /* BackendRequest.swift */; };
		B65D26061DAA0615001A3634 /* BackendRequestJSONExtension.swift in Sources */ = {isa = PBXBuildFile; fileRef = B65D25ED1DAA0615001A3634 /* BackendRequestJSONExtension.swift */; };
		B65D26081DAA0615001A3634 /* BackendServiceMethod.swift in Sources */ = {isa = PBXBuildFile; fileRef = B65D25EF1DAA0615001A3634 /* BackendServiceMethod.swift */; };
		B65D260A1DAA0615001A3634 /* BackendConfiguration.swift in Sources */ = {isa = PBXBuildFile; fileRef = B65D25F11DAA0615001A3634 /* BackendConfiguration.swift */; };
		B65D260B1DAA0615001A3634 /* BackendService.swift in Sources */ = {isa = PBXBuildFile; fileRef = B65D25F21DAA0615001A3634 /* BackendService.swift */; };
		B65D260C1DAA0615001A3634 /* NetworkQueue.swift in Sources */ = {isa = PBXBuildFile; fileRef = B65D25F31DAA0615001A3634 /* NetworkQueue.swift */; };
		B65D261B1DAA07D0001A3634 /* AllCountyRequest.swift in Sources */ = {isa = PBXBuildFile; fileRef = B65D261A1DAA07D0001A3634 /* AllCountyRequest.swift */; };
		B65D261D1DAA086E001A3634 /* AllCountyOperation.swift in Sources */ = {isa = PBXBuildFile; fileRef = B65D261C1DAA086E001A3634 /* AllCountyOperation.swift */; };
		B67510DE1DA2271A00E81CB3 /* HamburgerMenu.swift in Sources */ = {isa = PBXBuildFile; fileRef = B67510DA1DA2271A00E81CB3 /* HamburgerMenu.swift */; };
		B67510DF1DA2271A00E81CB3 /* MenuItem.swift in Sources */ = {isa = PBXBuildFile; fileRef = B67510DB1DA2271A00E81CB3 /* MenuItem.swift */; };
		B67510E01DA2271A00E81CB3 /* MenuLinkCell.swift in Sources */ = {isa = PBXBuildFile; fileRef = B67510DC1DA2271A00E81CB3 /* MenuLinkCell.swift */; };
		B67510E11DA2271A00E81CB3 /* MenuTableViewController.swift in Sources */ = {isa = PBXBuildFile; fileRef = B67510DD1DA2271A00E81CB3 /* MenuTableViewController.swift */; };
		B67510E31DA227EF00E81CB3 /* Menu Links.swift in Sources */ = {isa = PBXBuildFile; fileRef = B67510E21DA227EF00E81CB3 /* Menu Links.swift */; };
		B67510E81DA2381700E81CB3 /* CAPSPageMenu.swift in Sources */ = {isa = PBXBuildFile; fileRef = B67510E71DA2381700E81CB3 /* CAPSPageMenu.swift */; };
		B67510EB1DA238BD00E81CB3 /* AlertFeedViewController.swift in Sources */ = {isa = PBXBuildFile; fileRef = B67510EA1DA238BD00E81CB3 /* AlertFeedViewController.swift */; };
		B67510ED1DA238E900E81CB3 /* FeedPageViewController.swift in Sources */ = {isa = PBXBuildFile; fileRef = B67510EC1DA238E900E81CB3 /* FeedPageViewController.swift */; };
		B67510EF1DA23DD500E81CB3 /* UIColorAppColors.swift in Sources */ = {isa = PBXBuildFile; fileRef = B67510EE1DA23DD500E81CB3 /* UIColorAppColors.swift */; };
		B67510F11DA249F000E81CB3 /* AlertFeedType.swift in Sources */ = {isa = PBXBuildFile; fileRef = B67510F01DA249F000E81CB3 /* AlertFeedType.swift */; };
		B67510F31DA24EC700E81CB3 /* FeedTableViewCell.swift in Sources */ = {isa = PBXBuildFile; fileRef = B67510F21DA24EC700E81CB3 /* FeedTableViewCell.swift */; };
		B69004C11DA9CF8E0001D4F8 /* Base.storyboard in Resources */ = {isa = PBXBuildFile; fileRef = B69004BD1DA9CF8E0001D4F8 /* Base.storyboard */; };
		B69004C31DA9CF8E0001D4F8 /* LaunchScreen.storyboard in Resources */ = {isa = PBXBuildFile; fileRef = B69004BF1DA9CF8E0001D4F8 /* LaunchScreen.storyboard */; };
		B69004C41DA9CF8E0001D4F8 /* Alert Feed.storyboard in Resources */ = {isa = PBXBuildFile; fileRef = B69004C01DA9CF8E0001D4F8 /* Alert Feed.storyboard */; };
		B69004C61DA9D2700001D4F8 /* County Settings.storyboard in Resources */ = {isa = PBXBuildFile; fileRef = B69004C51DA9D2700001D4F8 /* County Settings.storyboard */; };
		B69004C91DA9D8010001D4F8 /* CountySettingsViewController.swift in Sources */ = {isa = PBXBuildFile; fileRef = B69004C81DA9D8010001D4F8 /* CountySettingsViewController.swift */; };
		B6AA49CC1DD82E1000905DCA /* DisasterInfoType.swift in Sources */ = {isa = PBXBuildFile; fileRef = B6AA49CB1DD82E1000905DCA /* DisasterInfoType.swift */; };
		B6AA49CE1DD8328600905DCA /* DisasterInfoPageController.swift in Sources */ = {isa = PBXBuildFile; fileRef = B6AA49CD1DD8328600905DCA /* DisasterInfoPageController.swift */; };
		B6BDF99E1DC7F5E800F5AD48 /* DamageReportInputValidator.swift in Sources */ = {isa = PBXBuildFile; fileRef = B6BDF99D1DC7F5E800F5AD48 /* DamageReportInputValidator.swift */; };
/* End PBXBuildFile section */

/* Begin PBXFileReference section */
		9D7834EC459AC1F32B750D9A /* Pods_Ready_Badger.framework */ = {isa = PBXFileReference; explicitFileType = wrapper.framework; includeInIndex = 0; path = Pods_Ready_Badger.framework; sourceTree = BUILT_PRODUCTS_DIR; };
		B612E5DE1DD0D89B0098D47C /* PictureCell.swift */ = {isa = PBXFileReference; fileEncoding = 4; lastKnownFileType = sourcecode.swift; path = PictureCell.swift; sourceTree = "<group>"; };
		B612E5E01DD0EB0E0098D47C /* Disaster Info.storyboard */ = {isa = PBXFileReference; fileEncoding = 4; lastKnownFileType = file.storyboard; path = "Disaster Info.storyboard"; sourceTree = "<group>"; };
		B612E5E31DD0EB4C0098D47C /* DisasterInfoViewController.swift */ = {isa = PBXFileReference; fileEncoding = 4; lastKnownFileType = sourcecode.swift; path = DisasterInfoViewController.swift; sourceTree = "<group>"; };
		B61981011DBDBA0B00787101 /* DamageReport.swift */ = {isa = PBXFileReference; fileEncoding = 4; lastKnownFileType = sourcecode.swift; path = DamageReport.swift; sourceTree = "<group>"; };
		B61981031DBDBC7800787101 /* DisasterType.swift */ = {isa = PBXFileReference; fileEncoding = 4; lastKnownFileType = sourcecode.swift; path = DisasterType.swift; sourceTree = "<group>"; };
		B61981051DBDC5C700787101 /* State.swift */ = {isa = PBXFileReference; fileEncoding = 4; lastKnownFileType = sourcecode.swift; path = State.swift; sourceTree = "<group>"; };
		B61981071DBDCA2100787101 /* Ownership.swift */ = {isa = PBXFileReference; fileEncoding = 4; lastKnownFileType = sourcecode.swift; path = Ownership.swift; sourceTree = "<group>"; };
		B619810B1DBDCF8B00787101 /* Answer.swift */ = {isa = PBXFileReference; fileEncoding = 4; lastKnownFileType = sourcecode.swift; path = Answer.swift; sourceTree = "<group>"; };
		B619810F1DBDF8A500787101 /* DamageReportDataSource.swift */ = {isa = PBXFileReference; fileEncoding = 4; lastKnownFileType = sourcecode.swift; path = DamageReportDataSource.swift; sourceTree = "<group>"; };
		B61981111DBDF8B200787101 /* DamageReportCellType.swift */ = {isa = PBXFileReference; fileEncoding = 4; lastKnownFileType = sourcecode.swift; path = DamageReportCellType.swift; sourceTree = "<group>"; };
		B627DA621DAA21D5009EC6FB /* CountyDataParse.swift */ = {isa = PBXFileReference; fileEncoding = 4; lastKnownFileType = sourcecode.swift; path = CountyDataParse.swift; sourceTree = "<group>"; };
		B627DA641DAA226C009EC6FB /* BackendResponseParse.swift */ = {isa = PBXFileReference; fileEncoding = 4; lastKnownFileType = sourcecode.swift; path = BackendResponseParse.swift; sourceTree = "<group>"; };
		B627DA6A1DAA25B7009EC6FB /* County.swift */ = {isa = PBXFileReference; fileEncoding = 4; lastKnownFileType = sourcecode.swift; path = County.swift; sourceTree = "<group>"; };
		B627DA6E1DAA2660009EC6FB /* CountyWrites.swift */ = {isa = PBXFileReference; fileEncoding = 4; lastKnownFileType = sourcecode.swift; path = CountyWrites.swift; sourceTree = "<group>"; };
		B627DA701DAA32B4009EC6FB /* CountyQueries.swift */ = {isa = PBXFileReference; fileEncoding = 4; lastKnownFileType = sourcecode.swift; path = CountyQueries.swift; sourceTree = "<group>"; };
		B627DA721DAA4056009EC6FB /* CountyTableViewCell.swift */ = {isa = PBXFileReference; fileEncoding = 4; lastKnownFileType = sourcecode.swift; name = CountyTableViewCell.swift; path = "County Settings/CountyTableViewCell.swift"; sourceTree = "<group>"; };
		B627DA7C1DAA4389009EC6FB /* DefaultTheme.swift */ = {isa = PBXFileReference; fileEncoding = 4; lastKnownFileType = sourcecode.swift; path = DefaultTheme.swift; sourceTree = "<group>"; };
		B627DA7D1DAA4389009EC6FB /* Searchable.swift */ = {isa = PBXFileReference; fileEncoding = 4; lastKnownFileType = sourcecode.swift; path = Searchable.swift; sourceTree = "<group>"; };
		B627DA801DAAC6A5009EC6FB /* CountySearchLogic.swift */ = {isa = PBXFileReference; fileEncoding = 4; lastKnownFileType = sourcecode.swift; name = CountySearchLogic.swift; path = "County Settings/CountySearchLogic.swift"; sourceTree = "<group>"; };
		B627DA821DAB5016009EC6FB /* CurrentWeatherRequest.swift */ = {isa = PBXFileReference; fileEncoding = 4; lastKnownFileType = sourcecode.swift; path = CurrentWeatherRequest.swift; sourceTree = "<group>"; };
		B627DA841DAB51EA009EC6FB /* CurrentWeatherOperation.swift */ = {isa = PBXFileReference; fileEncoding = 4; lastKnownFileType = sourcecode.swift; path = CurrentWeatherOperation.swift; sourceTree = "<group>"; };
		B627DA871DAB6C72009EC6FB /* CurrentWeatherItem.swift */ = {isa = PBXFileReference; fileEncoding = 4; lastKnownFileType = sourcecode.swift; path = CurrentWeatherItem.swift; sourceTree = "<group>"; };
		B627DA891DAB714A009EC6FB /* FeedItem.swift */ = {isa = PBXFileReference; fileEncoding = 4; lastKnownFileType = sourcecode.swift; path = FeedItem.swift; sourceTree = "<group>"; };
		B627DA8B1DAB7B33009EC6FB /* HackFeedGather.swift */ = {isa = PBXFileReference; fileEncoding = 4; lastKnownFileType = sourcecode.swift; path = HackFeedGather.swift; sourceTree = "<group>"; };
		B627DA8D1DB47543009EC6FB /* Damage Report.storyboard */ = {isa = PBXFileReference; fileEncoding = 4; lastKnownFileType = file.storyboard; path = "Damage Report.storyboard"; sourceTree = "<group>"; };
		B627DA901DB4B093009EC6FB /* DamageReportTableController.swift */ = {isa = PBXFileReference; fileEncoding = 4; lastKnownFileType = sourcecode.swift; name = DamageReportTableController.swift; path = "Damage Report/DamageReportTableController.swift"; sourceTree = "<group>"; };
		B627DA921DB4B9B7009EC6FB /* OptionController.swift */ = {isa = PBXFileReference; fileEncoding = 4; lastKnownFileType = sourcecode.swift; name = OptionController.swift; path = "Damage Report/OptionController.swift"; sourceTree = "<group>"; };
		B627DA9A1DB513CA009EC6FB /* DamageReportSegues.swift */ = {isa = PBXFileReference; fileEncoding = 4; lastKnownFileType = sourcecode.swift; name = DamageReportSegues.swift; path = "Damage Report/DamageReportSegues.swift"; sourceTree = "<group>"; };
		B627DA9C1DB51EDC009EC6FB /* FormTableViewController.swift */ = {isa = PBXFileReference; fileEncoding = 4; lastKnownFileType = sourcecode.swift; path = FormTableViewController.swift; sourceTree = "<group>"; };
		B62E735B1DA1D21F00C33683 /* Ready Badger.app */ = {isa = PBXFileReference; explicitFileType = wrapper.application; includeInIndex = 0; path = "Ready Badger.app"; sourceTree = BUILT_PRODUCTS_DIR; };
		B62E735E1DA1D21F00C33683 /* AppDelegate.swift */ = {isa = PBXFileReference; lastKnownFileType = sourcecode.swift; path = AppDelegate.swift; sourceTree = "<group>"; };
		B62E73651DA1D21F00C33683 /* Assets.xcassets */ = {isa = PBXFileReference; lastKnownFileType = folder.assetcatalog; path = Assets.xcassets; sourceTree = "<group>"; };
		B62E736A1DA1D21F00C33683 /* Info.plist */ = {isa = PBXFileReference; lastKnownFileType = text.plist.xml; path = Info.plist; sourceTree = "<group>"; };
		B6469E871DD04F4A002B109B /* DescriptionViewController.swift */ = {isa = PBXFileReference; fileEncoding = 4; lastKnownFileType = sourcecode.swift; name = DescriptionViewController.swift; path = "Damage Report/DescriptionViewController.swift"; sourceTree = "<group>"; };
		B6469E8A1DD04F72002B109B /* BasementFloodedCell.swift */ = {isa = PBXFileReference; fileEncoding = 4; lastKnownFileType = sourcecode.swift; path = BasementFloodedCell.swift; sourceTree = "<group>"; };
		B6469E8B1DD04F72002B109B /* DamageReportCell.swift */ = {isa = PBXFileReference; fileEncoding = 4; lastKnownFileType = sourcecode.swift; path = DamageReportCell.swift; sourceTree = "<group>"; };
		B6469E8C1DD04F72002B109B /* DamageReportLabelCell.swift */ = {isa = PBXFileReference; fileEncoding = 4; lastKnownFileType = sourcecode.swift; path = DamageReportLabelCell.swift; sourceTree = "<group>"; };
		B6469E8D1DD04F72002B109B /* DateCell.swift */ = {isa = PBXFileReference; fileEncoding = 4; lastKnownFileType = sourcecode.swift; path = DateCell.swift; sourceTree = "<group>"; };
		B6469E8E1DD04F72002B109B /* OptionTableViewCell.swift */ = {isa = PBXFileReference; fileEncoding = 4; lastKnownFileType = sourcecode.swift; path = OptionTableViewCell.swift; sourceTree = "<group>"; };
		B655A5CF1DD1510600401155 /* Bomb Threat.html */ = {isa = PBXFileReference; fileEncoding = 4; lastKnownFileType = text.html; path = "Bomb Threat.html"; sourceTree = "<group>"; };
		B655A5D01DD1510600401155 /* Extreme Heat.html */ = {isa = PBXFileReference; fileEncoding = 4; lastKnownFileType = text.html; path = "Extreme Heat.html"; sourceTree = "<group>"; };
		B655A5D11DD1510600401155 /* Fire.html */ = {isa = PBXFileReference; fileEncoding = 4; lastKnownFileType = text.html; path = Fire.html; sourceTree = "<group>"; };
		B655A5D21DD1510600401155 /* Flood.html */ = {isa = PBXFileReference; fileEncoding = 4; lastKnownFileType = text.html; path = Flood.html; sourceTree = "<group>"; };
		B655A5D31DD1510600401155 /* Hazardous Material.html */ = {isa = PBXFileReference; fileEncoding = 4; lastKnownFileType = text.html; path = "Hazardous Material.html"; sourceTree = "<group>"; };
		B655A5D41DD1510600401155 /* Public Health Emergency.html */ = {isa = PBXFileReference; fileEncoding = 4; lastKnownFileType = text.html; path = "Public Health Emergency.html"; sourceTree = "<group>"; };
		B655A5D51DD1510600401155 /* Power Outage.html */ = {isa = PBXFileReference; fileEncoding = 4; lastKnownFileType = text.html; path = "Power Outage.html"; sourceTree = "<group>"; };
		B655A5D61DD1510600401155 /* Thunderstorm.html */ = {isa = PBXFileReference; fileEncoding = 4; lastKnownFileType = text.html; path = Thunderstorm.html; sourceTree = "<group>"; };
		B655A5D71DD1510600401155 /* Tornado.html */ = {isa = PBXFileReference; fileEncoding = 4; lastKnownFileType = text.html; path = Tornado.html; sourceTree = "<group>"; };
		B655A5D81DD1510600401155 /* Winter Storm.html */ = {isa = PBXFileReference; fileEncoding = 4; lastKnownFileType = text.html; path = "Winter Storm.html"; sourceTree = "<group>"; };
		B65D25EB1DAA0615001A3634 /* BackendOperation.swift */ = {isa = PBXFileReference; fileEncoding = 4; lastKnownFileType = sourcecode.swift; path = BackendOperation.swift; sourceTree = "<group>"; };
		B65D25EC1DAA0615001A3634 /* BackendRequest.swift */ = {isa = PBXFileReference; fileEncoding = 4; lastKnownFileType = sourcecode.swift; path = BackendRequest.swift; sourceTree = "<group>"; };
		B65D25ED1DAA0615001A3634 /* BackendRequestJSONExtension.swift */ = {isa = PBXFileReference; fileEncoding = 4; lastKnownFileType = sourcecode.swift; path = BackendRequestJSONExtension.swift; sourceTree = "<group>"; };
		B65D25EF1DAA0615001A3634 /* BackendServiceMethod.swift */ = {isa = PBXFileReference; fileEncoding = 4; lastKnownFileType = sourcecode.swift; path = BackendServiceMethod.swift; sourceTree = "<group>"; };
		B65D25F11DAA0615001A3634 /* BackendConfiguration.swift */ = {isa = PBXFileReference; fileEncoding = 4; lastKnownFileType = sourcecode.swift; path = BackendConfiguration.swift; sourceTree = "<group>"; };
		B65D25F21DAA0615001A3634 /* BackendService.swift */ = {isa = PBXFileReference; fileEncoding = 4; lastKnownFileType = sourcecode.swift; path = BackendService.swift; sourceTree = "<group>"; };
		B65D25F31DAA0615001A3634 /* NetworkQueue.swift */ = {isa = PBXFileReference; fileEncoding = 4; lastKnownFileType = sourcecode.swift; path = NetworkQueue.swift; sourceTree = "<group>"; };
		B65D261A1DAA07D0001A3634 /* AllCountyRequest.swift */ = {isa = PBXFileReference; fileEncoding = 4; lastKnownFileType = sourcecode.swift; path = AllCountyRequest.swift; sourceTree = "<group>"; };
		B65D261C1DAA086E001A3634 /* AllCountyOperation.swift */ = {isa = PBXFileReference; fileEncoding = 4; lastKnownFileType = sourcecode.swift; path = AllCountyOperation.swift; sourceTree = "<group>"; };
		B67510DA1DA2271A00E81CB3 /* HamburgerMenu.swift */ = {isa = PBXFileReference; fileEncoding = 4; lastKnownFileType = sourcecode.swift; path = HamburgerMenu.swift; sourceTree = "<group>"; };
		B67510DB1DA2271A00E81CB3 /* MenuItem.swift */ = {isa = PBXFileReference; fileEncoding = 4; lastKnownFileType = sourcecode.swift; path = MenuItem.swift; sourceTree = "<group>"; };
		B67510DC1DA2271A00E81CB3 /* MenuLinkCell.swift */ = {isa = PBXFileReference; fileEncoding = 4; lastKnownFileType = sourcecode.swift; path = MenuLinkCell.swift; sourceTree = "<group>"; };
		B67510DD1DA2271A00E81CB3 /* MenuTableViewController.swift */ = {isa = PBXFileReference; fileEncoding = 4; lastKnownFileType = sourcecode.swift; path = MenuTableViewController.swift; sourceTree = "<group>"; };
		B67510E21DA227EF00E81CB3 /* Menu Links.swift */ = {isa = PBXFileReference; fileEncoding = 4; lastKnownFileType = sourcecode.swift; path = "Menu Links.swift"; sourceTree = "<group>"; };
		B67510E71DA2381700E81CB3 /* CAPSPageMenu.swift */ = {isa = PBXFileReference; fileEncoding = 4; lastKnownFileType = sourcecode.swift; path = CAPSPageMenu.swift; sourceTree = "<group>"; };
		B67510EA1DA238BD00E81CB3 /* AlertFeedViewController.swift */ = {isa = PBXFileReference; fileEncoding = 4; lastKnownFileType = sourcecode.swift; path = AlertFeedViewController.swift; sourceTree = "<group>"; };
		B67510EC1DA238E900E81CB3 /* FeedPageViewController.swift */ = {isa = PBXFileReference; fileEncoding = 4; lastKnownFileType = sourcecode.swift; path = FeedPageViewController.swift; sourceTree = "<group>"; };
		B67510EE1DA23DD500E81CB3 /* UIColorAppColors.swift */ = {isa = PBXFileReference; fileEncoding = 4; lastKnownFileType = sourcecode.swift; name = UIColorAppColors.swift; path = "Ready Badger/UIColorAppColors.swift"; sourceTree = SOURCE_ROOT; };
		B67510F01DA249F000E81CB3 /* AlertFeedType.swift */ = {isa = PBXFileReference; fileEncoding = 4; lastKnownFileType = sourcecode.swift; path = AlertFeedType.swift; sourceTree = "<group>"; };
		B67510F21DA24EC700E81CB3 /* FeedTableViewCell.swift */ = {isa = PBXFileReference; fileEncoding = 4; lastKnownFileType = sourcecode.swift; path = FeedTableViewCell.swift; sourceTree = "<group>"; };
		B69004BD1DA9CF8E0001D4F8 /* Base.storyboard */ = {isa = PBXFileReference; fileEncoding = 4; lastKnownFileType = file.storyboard; path = Base.storyboard; sourceTree = "<group>"; };
		B69004BF1DA9CF8E0001D4F8 /* LaunchScreen.storyboard */ = {isa = PBXFileReference; fileEncoding = 4; lastKnownFileType = file.storyboard; path = LaunchScreen.storyboard; sourceTree = "<group>"; };
		B69004C01DA9CF8E0001D4F8 /* Alert Feed.storyboard */ = {isa = PBXFileReference; fileEncoding = 4; lastKnownFileType = file.storyboard; path = "Alert Feed.storyboard"; sourceTree = "<group>"; };
		B69004C51DA9D2700001D4F8 /* County Settings.storyboard */ = {isa = PBXFileReference; fileEncoding = 4; lastKnownFileType = file.storyboard; path = "County Settings.storyboard"; sourceTree = "<group>"; };
		B69004C81DA9D8010001D4F8 /* CountySettingsViewController.swift */ = {isa = PBXFileReference; fileEncoding = 4; lastKnownFileType = sourcecode.swift; name = CountySettingsViewController.swift; path = "County Settings/CountySettingsViewController.swift"; sourceTree = "<group>"; };
		B6AA49CB1DD82E1000905DCA /* DisasterInfoType.swift */ = {isa = PBXFileReference; fileEncoding = 4; lastKnownFileType = sourcecode.swift; path = DisasterInfoType.swift; sourceTree = "<group>"; };
		B6AA49CD1DD8328600905DCA /* DisasterInfoPageController.swift */ = {isa = PBXFileReference; fileEncoding = 4; lastKnownFileType = sourcecode.swift; path = DisasterInfoPageController.swift; sourceTree = "<group>"; };
		B6BDF99D1DC7F5E800F5AD48 /* DamageReportInputValidator.swift */ = {isa = PBXFileReference; fileEncoding = 4; lastKnownFileType = sourcecode.swift; path = DamageReportInputValidator.swift; sourceTree = "<group>"; };
		D9439CBC11D5EC835A474E9F /* Pods-Ready Badger.debug.xcconfig */ = {isa = PBXFileReference; includeInIndex = 1; lastKnownFileType = text.xcconfig; name = "Pods-Ready Badger.debug.xcconfig"; path = "Pods/Target Support Files/Pods-Ready Badger/Pods-Ready Badger.debug.xcconfig"; sourceTree = "<group>"; };
		F9D6F4B5943EE90328733F7E /* Pods-Ready Badger.release.xcconfig */ = {isa = PBXFileReference; includeInIndex = 1; lastKnownFileType = text.xcconfig; name = "Pods-Ready Badger.release.xcconfig"; path = "Pods/Target Support Files/Pods-Ready Badger/Pods-Ready Badger.release.xcconfig"; sourceTree = "<group>"; };
/* End PBXFileReference section */

/* Begin PBXFrameworksBuildPhase section */
		B62E73581DA1D21F00C33683 /* Frameworks */ = {
			isa = PBXFrameworksBuildPhase;
			buildActionMask = 2147483647;
			files = (
				5983BE7C986B54F6CC767372 /* Pods_Ready_Badger.framework in Frameworks */,
			);
			runOnlyForDeploymentPostprocessing = 0;
		};
/* End PBXFrameworksBuildPhase section */

/* Begin PBXGroup section */
		8466176ADF10B04C5C58A682 /* Frameworks */ = {
			isa = PBXGroup;
			children = (
				9D7834EC459AC1F32B750D9A /* Pods_Ready_Badger.framework */,
			);
			name = Frameworks;
			sourceTree = "<group>";
		};
		B612E5E21DD0EB330098D47C /* Disaster Info */ = {
			isa = PBXGroup;
			children = (
				B655A5CE1DD1510600401155 /* Disaster HTML */,
				B612E5E31DD0EB4C0098D47C /* DisasterInfoViewController.swift */,
				B6AA49CB1DD82E1000905DCA /* DisasterInfoType.swift */,
				B6AA49CD1DD8328600905DCA /* DisasterInfoPageController.swift */,
			);
			path = "Disaster Info";
			sourceTree = "<group>";
		};
		B61981001DBDB9FE00787101 /* Model */ = {
			isa = PBXGroup;
			children = (
				B6BDF99D1DC7F5E800F5AD48 /* DamageReportInputValidator.swift */,
				B61981011DBDBA0B00787101 /* DamageReport.swift */,
				B619810B1DBDCF8B00787101 /* Answer.swift */,
				B61981031DBDBC7800787101 /* DisasterType.swift */,
				B61981051DBDC5C700787101 /* State.swift */,
				B61981071DBDCA2100787101 /* Ownership.swift */,
				B619810F1DBDF8A500787101 /* DamageReportDataSource.swift */,
				B61981111DBDF8B200787101 /* DamageReportCellType.swift */,
			);
			name = Model;
			path = "Damage Report/Model";
			sourceTree = "<group>";
		};
		B627DA611DAA21C5009EC6FB /* Parse */ = {
			isa = PBXGroup;
			children = (
				B627DA621DAA21D5009EC6FB /* CountyDataParse.swift */,
			);
			path = Parse;
			sourceTree = "<group>";
		};
		B627DA661DAA2386009EC6FB /* Persistence Layer */ = {
			isa = PBXGroup;
			children = (
				B627DA6D1DAA2650009EC6FB /* Writes */,
				B627DA6C1DAA2636009EC6FB /* Queries */,
				B627DA691DAA25B7009EC6FB /* Objects */,
			);
			name = "Persistence Layer";
			sourceTree = "<group>";
		};
		B627DA691DAA25B7009EC6FB /* Objects */ = {
			isa = PBXGroup;
			children = (
				B627DA6A1DAA25B7009EC6FB /* County.swift */,
			);
			name = Objects;
			path = Persistence/Objects;
			sourceTree = "<group>";
		};
		B627DA6C1DAA2636009EC6FB /* Queries */ = {
			isa = PBXGroup;
			children = (
				B627DA701DAA32B4009EC6FB /* CountyQueries.swift */,
			);
			name = Queries;
			path = Persistence/Queries;
			sourceTree = "<group>";
		};
		B627DA6D1DAA2650009EC6FB /* Writes */ = {
			isa = PBXGroup;
			children = (
				B627DA6E1DAA2660009EC6FB /* CountyWrites.swift */,
			);
			name = Writes;
			path = Persistence/Writes;
			sourceTree = "<group>";
		};
		B627DA7B1DAA4389009EC6FB /* Extensions */ = {
			isa = PBXGroup;
			children = (
				B627DA7C1DAA4389009EC6FB /* DefaultTheme.swift */,
				B627DA7D1DAA4389009EC6FB /* Searchable.swift */,
			);
			path = Extensions;
			sourceTree = "<group>";
		};
		B627DA861DAB6C2B009EC6FB /* Feed Items */ = {
			isa = PBXGroup;
			children = (
				B627DA871DAB6C72009EC6FB /* CurrentWeatherItem.swift */,
				B627DA891DAB714A009EC6FB /* FeedItem.swift */,
			);
			path = "Feed Items";
			sourceTree = "<group>";
		};
		B627DA8F1DB4B06A009EC6FB /* Damage Report */ = {
			isa = PBXGroup;
			children = (
				B627DA9C1DB51EDC009EC6FB /* FormTableViewController.swift */,
				B627DA901DB4B093009EC6FB /* DamageReportTableController.swift */,
				B6469E871DD04F4A002B109B /* DescriptionViewController.swift */,
				B627DA921DB4B9B7009EC6FB /* OptionController.swift */,
				B627DA9A1DB513CA009EC6FB /* DamageReportSegues.swift */,
				B6469E891DD04F72002B109B /* Cells */,
				B61981001DBDB9FE00787101 /* Model */,
			);
			name = "Damage Report";
			sourceTree = "<group>";
		};
		B62E73521DA1D21F00C33683 = {
			isa = PBXGroup;
			children = (
				B62E735D1DA1D21F00C33683 /* Ready Badger */,
				B62E735C1DA1D21F00C33683 /* Products */,
				F88612A4C2267C204843D71B /* Pods */,
				8466176ADF10B04C5C58A682 /* Frameworks */,
			);
			sourceTree = "<group>";
		};
		B62E735C1DA1D21F00C33683 /* Products */ = {
			isa = PBXGroup;
			children = (
				B62E735B1DA1D21F00C33683 /* Ready Badger.app */,
			);
			name = Products;
			sourceTree = "<group>";
		};
		B62E735D1DA1D21F00C33683 /* Ready Badger */ = {
			isa = PBXGroup;
			children = (
				B62E735E1DA1D21F00C33683 /* AppDelegate.swift */,
				B67510EE1DA23DD500E81CB3 /* UIColorAppColors.swift */,
				B62E73651DA1D21F00C33683 /* Assets.xcassets */,
				B62E736A1DA1D21F00C33683 /* Info.plist */,
				B612E5E21DD0EB330098D47C /* Disaster Info */,
				B69004BC1DA9CF8E0001D4F8 /* Storyboards */,
				B627DA661DAA2386009EC6FB /* Persistence Layer */,
				B65D25E91DAA0615001A3634 /* Network Layer */,
				B627DA7B1DAA4389009EC6FB /* Extensions */,
				B627DA8F1DB4B06A009EC6FB /* Damage Report */,
				B69004C71DA9D7B80001D4F8 /* County Settings */,
				B67510E91DA2389B00E81CB3 /* Alert Feed */,
				B67510E41DA22C1400E81CB3 /* 3rd Party */,
				B67510D91DA2271A00E81CB3 /* Hamburger Architecure */,
			);
			path = "Ready Badger";
			sourceTree = "<group>";
		};
		B6469E891DD04F72002B109B /* Cells */ = {
			isa = PBXGroup;
			children = (
				B6469E8A1DD04F72002B109B /* BasementFloodedCell.swift */,
				B6469E8B1DD04F72002B109B /* DamageReportCell.swift */,
				B6469E8C1DD04F72002B109B /* DamageReportLabelCell.swift */,
				B6469E8D1DD04F72002B109B /* DateCell.swift */,
				B6469E8E1DD04F72002B109B /* OptionTableViewCell.swift */,
				B612E5DE1DD0D89B0098D47C /* PictureCell.swift */,
			);
			name = Cells;
			path = "Damage Report/Cells";
			sourceTree = "<group>";
		};
		B655A5CE1DD1510600401155 /* Disaster HTML */ = {
			isa = PBXGroup;
			children = (
				B655A5CF1DD1510600401155 /* Bomb Threat.html */,
				B655A5D01DD1510600401155 /* Extreme Heat.html */,
				B655A5D11DD1510600401155 /* Fire.html */,
				B655A5D21DD1510600401155 /* Flood.html */,
				B655A5D31DD1510600401155 /* Hazardous Material.html */,
				B655A5D41DD1510600401155 /* Public Health Emergency.html */,
				B655A5D51DD1510600401155 /* Power Outage.html */,
				B655A5D61DD1510600401155 /* Thunderstorm.html */,
				B655A5D71DD1510600401155 /* Tornado.html */,
				B655A5D81DD1510600401155 /* Winter Storm.html */,
			);
			path = "Disaster HTML";
			sourceTree = "<group>";
		};
		B65D25E91DAA0615001A3634 /* Network Layer */ = {
			isa = PBXGroup;
			children = (
				B627DA8B1DAB7B33009EC6FB /* HackFeedGather.swift */,
				B65D25EA1DAA0615001A3634 /* Abstractions */,
				B65D25F11DAA0615001A3634 /* BackendConfiguration.swift */,
				B65D25F21DAA0615001A3634 /* BackendService.swift */,
				B65D25F31DAA0615001A3634 /* NetworkQueue.swift */,
				B627DA611DAA21C5009EC6FB /* Parse */,
				B65D25F41DAA0615001A3634 /* Operations */,
				B65D25FA1DAA0615001A3634 /* Requests */,
				B65D26001DAA0615001A3634 /* Responses */,
			);
			path = "Network Layer";
			sourceTree = "<group>";
		};
		B65D25EA1DAA0615001A3634 /* Abstractions */ = {
			isa = PBXGroup;
			children = (
				B65D25EB1DAA0615001A3634 /* BackendOperation.swift */,
				B65D25EC1DAA0615001A3634 /* BackendRequest.swift */,
				B65D25ED1DAA0615001A3634 /* BackendRequestJSONExtension.swift */,
				B65D25EF1DAA0615001A3634 /* BackendServiceMethod.swift */,
				B627DA641DAA226C009EC6FB /* BackendResponseParse.swift */,
			);
			path = Abstractions;
			sourceTree = "<group>";
		};
		B65D25F41DAA0615001A3634 /* Operations */ = {
			isa = PBXGroup;
			children = (
				B65D261C1DAA086E001A3634 /* AllCountyOperation.swift */,
				B627DA841DAB51EA009EC6FB /* CurrentWeatherOperation.swift */,
			);
			path = Operations;
			sourceTree = "<group>";
		};
		B65D25FA1DAA0615001A3634 /* Requests */ = {
			isa = PBXGroup;
			children = (
				B65D261A1DAA07D0001A3634 /* AllCountyRequest.swift */,
				B627DA821DAB5016009EC6FB /* CurrentWeatherRequest.swift */,
			);
			path = Requests;
			sourceTree = "<group>";
		};
		B65D26001DAA0615001A3634 /* Responses */ = {
			isa = PBXGroup;
			children = (
			);
			path = Responses;
			sourceTree = "<group>";
		};
		B67510D91DA2271A00E81CB3 /* Hamburger Architecure */ = {
			isa = PBXGroup;
			children = (
				B67510E21DA227EF00E81CB3 /* Menu Links.swift */,
				B67510DA1DA2271A00E81CB3 /* HamburgerMenu.swift */,
				B67510DB1DA2271A00E81CB3 /* MenuItem.swift */,
				B67510DC1DA2271A00E81CB3 /* MenuLinkCell.swift */,
				B67510DD1DA2271A00E81CB3 /* MenuTableViewController.swift */,
			);
			name = "Hamburger Architecure";
			path = "Hamburger Architecture/Hamburger Architecure";
			sourceTree = "<group>";
		};
		B67510E41DA22C1400E81CB3 /* 3rd Party */ = {
			isa = PBXGroup;
			children = (
				B67510E71DA2381700E81CB3 /* CAPSPageMenu.swift */,
			);
			path = "3rd Party";
			sourceTree = "<group>";
		};
		B67510E91DA2389B00E81CB3 /* Alert Feed */ = {
			isa = PBXGroup;
			children = (
				B627DA861DAB6C2B009EC6FB /* Feed Items */,
				B67510EA1DA238BD00E81CB3 /* AlertFeedViewController.swift */,
				B67510EC1DA238E900E81CB3 /* FeedPageViewController.swift */,
				B67510F01DA249F000E81CB3 /* AlertFeedType.swift */,
				B67510F21DA24EC700E81CB3 /* FeedTableViewCell.swift */,
			);
			path = "Alert Feed";
			sourceTree = "<group>";
		};
		B69004BC1DA9CF8E0001D4F8 /* Storyboards */ = {
			isa = PBXGroup;
			children = (
				B69004BD1DA9CF8E0001D4F8 /* Base.storyboard */,
				B69004BF1DA9CF8E0001D4F8 /* LaunchScreen.storyboard */,
				B69004C01DA9CF8E0001D4F8 /* Alert Feed.storyboard */,
				B69004C51DA9D2700001D4F8 /* County Settings.storyboard */,
				B627DA8D1DB47543009EC6FB /* Damage Report.storyboard */,
				B612E5E01DD0EB0E0098D47C /* Disaster Info.storyboard */,
			);
			path = Storyboards;
			sourceTree = "<group>";
		};
		B69004C71DA9D7B80001D4F8 /* County Settings */ = {
			isa = PBXGroup;
			children = (
				B69004C81DA9D8010001D4F8 /* CountySettingsViewController.swift */,
				B627DA721DAA4056009EC6FB /* CountyTableViewCell.swift */,
				B627DA801DAAC6A5009EC6FB /* CountySearchLogic.swift */,
			);
			name = "County Settings";
			sourceTree = "<group>";
		};
		F88612A4C2267C204843D71B /* Pods */ = {
			isa = PBXGroup;
			children = (
				D9439CBC11D5EC835A474E9F /* Pods-Ready Badger.debug.xcconfig */,
				F9D6F4B5943EE90328733F7E /* Pods-Ready Badger.release.xcconfig */,
			);
			name = Pods;
			sourceTree = "<group>";
		};
/* End PBXGroup section */

/* Begin PBXNativeTarget section */
		B62E735A1DA1D21F00C33683 /* Ready Badger */ = {
			isa = PBXNativeTarget;
			buildConfigurationList = B62E736D1DA1D21F00C33683 /* Build configuration list for PBXNativeTarget "Ready Badger" */;
			buildPhases = (
				2EB88EA26C5A424E79D52FAC /* Check Pods Manifest.lock */,
				B62E73571DA1D21F00C33683 /* Sources */,
				B62E73581DA1D21F00C33683 /* Frameworks */,
				B62E73591DA1D21F00C33683 /* Resources */,
				5F9F381405E06788E254C3B9 /* Embed Pods Frameworks */,
				B8FEF0FECFE07F2420334320 /* Copy Pods Resources */,
			);
			buildRules = (
			);
			dependencies = (
			);
			name = "Ready Badger";
			productName = "Ready Badger";
			productReference = B62E735B1DA1D21F00C33683 /* Ready Badger.app */;
			productType = "com.apple.product-type.application";
		};
/* End PBXNativeTarget section */

/* Begin PBXProject section */
		B62E73531DA1D21F00C33683 /* Project object */ = {
			isa = PBXProject;
			attributes = {
				LastSwiftUpdateCheck = 0800;
				LastUpgradeCheck = 0800;
				ORGANIZATIONNAME = "App Factory";
				TargetAttributes = {
					B62E735A1DA1D21F00C33683 = {
						CreatedOnToolsVersion = 8.0;
						DevelopmentTeam = 2T9JP2ZYVK;
						ProvisioningStyle = Automatic;
					};
				};
			};
			buildConfigurationList = B62E73561DA1D21F00C33683 /* Build configuration list for PBXProject "Ready Badger" */;
			compatibilityVersion = "Xcode 3.2";
			developmentRegion = English;
			hasScannedForEncodings = 0;
			knownRegions = (
				en,
				Base,
			);
			mainGroup = B62E73521DA1D21F00C33683;
			productRefGroup = B62E735C1DA1D21F00C33683 /* Products */;
			projectDirPath = "";
			projectRoot = "";
			targets = (
				B62E735A1DA1D21F00C33683 /* Ready Badger */,
			);
		};
/* End PBXProject section */

/* Begin PBXResourcesBuildPhase section */
		B62E73591DA1D21F00C33683 /* Resources */ = {
			isa = PBXResourcesBuildPhase;
			buildActionMask = 2147483647;
			files = (
				B69004C61DA9D2700001D4F8 /* County Settings.storyboard in Resources */,
				B655A5DC1DD1510600401155 /* Flood.html in Resources */,
				B627DA8E1DB47543009EC6FB /* Damage Report.storyboard in Resources */,
				B655A5D91DD1510600401155 /* Bomb Threat.html in Resources */,
				B69004C11DA9CF8E0001D4F8 /* Base.storyboard in Resources */,
				B69004C41DA9CF8E0001D4F8 /* Alert Feed.storyboard in Resources */,
				B655A5E11DD1510600401155 /* Tornado.html in Resources */,
				B655A5DD1DD1510600401155 /* Hazardous Material.html in Resources */,
				B655A5DA1DD1510600401155 /* Extreme Heat.html in Resources */,
				B655A5DE1DD1510600401155 /* Public Health Emergency.html in Resources */,
				B655A5DF1DD1510600401155 /* Power Outage.html in Resources */,
				B62E73661DA1D21F00C33683 /* Assets.xcassets in Resources */,
				B69004C31DA9CF8E0001D4F8 /* LaunchScreen.storyboard in Resources */,
				B655A5DB1DD1510600401155 /* Fire.html in Resources */,
				B655A5E01DD1510600401155 /* Thunderstorm.html in Resources */,
				B612E5E11DD0EB0E0098D47C /* Disaster Info.storyboard in Resources */,
				B655A5E21DD1510600401155 /* Winter Storm.html in Resources */,
			);
			runOnlyForDeploymentPostprocessing = 0;
		};
/* End PBXResourcesBuildPhase section */

/* Begin PBXShellScriptBuildPhase section */
		2EB88EA26C5A424E79D52FAC /* Check Pods Manifest.lock */ = {
			isa = PBXShellScriptBuildPhase;
			buildActionMask = 2147483647;
			files = (
			);
			inputPaths = (
			);
			name = "Check Pods Manifest.lock";
			outputPaths = (
			);
			runOnlyForDeploymentPostprocessing = 0;
			shellPath = /bin/sh;
			shellScript = "diff \"${PODS_ROOT}/../Podfile.lock\" \"${PODS_ROOT}/Manifest.lock\" > /dev/null\nif [[ $? != 0 ]] ; then\n    cat << EOM\nerror: The sandbox is not in sync with the Podfile.lock. Run 'pod install' or update your CocoaPods installation.\nEOM\n    exit 1\nfi\n";
			showEnvVarsInLog = 0;
		};
		5F9F381405E06788E254C3B9 /* Embed Pods Frameworks */ = {
			isa = PBXShellScriptBuildPhase;
			buildActionMask = 2147483647;
			files = (
			);
			inputPaths = (
			);
			name = "Embed Pods Frameworks";
			outputPaths = (
			);
			runOnlyForDeploymentPostprocessing = 0;
			shellPath = /bin/sh;
			shellScript = "\"${SRCROOT}/Pods/Target Support Files/Pods-Ready Badger/Pods-Ready Badger-frameworks.sh\"\n";
			showEnvVarsInLog = 0;
		};
		B8FEF0FECFE07F2420334320 /* Copy Pods Resources */ = {
			isa = PBXShellScriptBuildPhase;
			buildActionMask = 2147483647;
			files = (
			);
			inputPaths = (
			);
			name = "Copy Pods Resources";
			outputPaths = (
			);
			runOnlyForDeploymentPostprocessing = 0;
			shellPath = /bin/sh;
			shellScript = "\"${SRCROOT}/Pods/Target Support Files/Pods-Ready Badger/Pods-Ready Badger-resources.sh\"\n";
			showEnvVarsInLog = 0;
		};
/* End PBXShellScriptBuildPhase section */

/* Begin PBXSourcesBuildPhase section */
		B62E73571DA1D21F00C33683 /* Sources */ = {
			isa = PBXSourcesBuildPhase;
			buildActionMask = 2147483647;
			files = (
				B65D26051DAA0615001A3634 /* BackendRequest.swift in Sources */,
				B65D26041DAA0615001A3634 /* BackendOperation.swift in Sources */,
				B65D260B1DAA0615001A3634 /* BackendService.swift in Sources */,
				B61981081DBDCA2100787101 /* Ownership.swift in Sources */,
				B67510E11DA2271A00E81CB3 /* MenuTableViewController.swift in Sources */,
				B65D260C1DAA0615001A3634 /* NetworkQueue.swift in Sources */,
				B65D26081DAA0615001A3634 /* BackendServiceMethod.swift in Sources */,
				B61981041DBDBC7800787101 /* DisasterType.swift in Sources */,
				B627DA911DB4B093009EC6FB /* DamageReportTableController.swift in Sources */,
				B627DA711DAA32B4009EC6FB /* CountyQueries.swift in Sources */,
				B67510F31DA24EC700E81CB3 /* FeedTableViewCell.swift in Sources */,
				B65D261D1DAA086E001A3634 /* AllCountyOperation.swift in Sources */,
				B67510EB1DA238BD00E81CB3 /* AlertFeedViewController.swift in Sources */,
				B619810C1DBDCF8B00787101 /* Answer.swift in Sources */,
				B6469E881DD04F4A002B109B /* DescriptionViewController.swift in Sources */,
				B69004C91DA9D8010001D4F8 /* CountySettingsViewController.swift in Sources */,
				B67510DE1DA2271A00E81CB3 /* HamburgerMenu.swift in Sources */,
				B627DA9D1DB51EDC009EC6FB /* FormTableViewController.swift in Sources */,
				B627DA811DAAC6A5009EC6FB /* CountySearchLogic.swift in Sources */,
				B65D261B1DAA07D0001A3634 /* AllCountyRequest.swift in Sources */,
				B627DA6F1DAA2660009EC6FB /* CountyWrites.swift in Sources */,
				B627DA631DAA21D5009EC6FB /* CountyDataParse.swift in Sources */,
				B65D260A1DAA0615001A3634 /* BackendConfiguration.swift in Sources */,
				B627DA931DB4B9B7009EC6FB /* OptionController.swift in Sources */,
				B61981061DBDC5C700787101 /* State.swift in Sources */,
				B67510EF1DA23DD500E81CB3 /* UIColorAppColors.swift in Sources */,
				B6469E8F1DD04F72002B109B /* BasementFloodedCell.swift in Sources */,
				B627DA851DAB51EA009EC6FB /* CurrentWeatherOperation.swift in Sources */,
				B6AA49CE1DD8328600905DCA /* DisasterInfoPageController.swift in Sources */,
				B627DA831DAB5016009EC6FB /* CurrentWeatherRequest.swift in Sources */,
				B627DA651DAA226C009EC6FB /* BackendResponseParse.swift in Sources */,
				B627DA8C1DAB7B33009EC6FB /* HackFeedGather.swift in Sources */,
				B67510F11DA249F000E81CB3 /* AlertFeedType.swift in Sources */,
				B612E5DF1DD0D89B0098D47C /* PictureCell.swift in Sources */,
				B61981101DBDF8A500787101 /* DamageReportDataSource.swift in Sources */,
				B612E5E41DD0EB4C0098D47C /* DisasterInfoViewController.swift in Sources */,
				B67510E31DA227EF00E81CB3 /* Menu Links.swift in Sources */,
				B6469E901DD04F72002B109B /* DamageReportCell.swift in Sources */,
				B627DA881DAB6C72009EC6FB /* CurrentWeatherItem.swift in Sources */,
				B627DA7F1DAA4389009EC6FB /* Searchable.swift in Sources */,
				B61981021DBDBA0B00787101 /* DamageReport.swift in Sources */,
				B627DA7E1DAA4389009EC6FB /* DefaultTheme.swift in Sources */,
				B6469E931DD04F72002B109B /* OptionTableViewCell.swift in Sources */,
				B61981121DBDF8B200787101 /* DamageReportCellType.swift in Sources */,
				B6BDF99E1DC7F5E800F5AD48 /* DamageReportInputValidator.swift in Sources */,
				B6469E911DD04F72002B109B /* DamageReportLabelCell.swift in Sources */,
				B67510ED1DA238E900E81CB3 /* FeedPageViewController.swift in Sources */,
				B627DA6B1DAA25B7009EC6FB /* County.swift in Sources */,
				B67510E01DA2271A00E81CB3 /* MenuLinkCell.swift in Sources */,
				B65D26061DAA0615001A3634 /* BackendRequestJSONExtension.swift in Sources */,
				B627DA9B1DB513CA009EC6FB /* DamageReportSegues.swift in Sources */,
				B67510DF1DA2271A00E81CB3 /* MenuItem.swift in Sources */,
				B62E735F1DA1D21F00C33683 /* AppDelegate.swift in Sources */,
				B6469E921DD04F72002B109B /* DateCell.swift in Sources */,
				B67510E81DA2381700E81CB3 /* CAPSPageMenu.swift in Sources */,
				B627DA8A1DAB714A009EC6FB /* FeedItem.swift in Sources */,
				B627DA731DAA4056009EC6FB /* CountyTableViewCell.swift in Sources */,
				B6AA49CC1DD82E1000905DCA /* DisasterInfoType.swift in Sources */,
			);
			runOnlyForDeploymentPostprocessing = 0;
		};
/* End PBXSourcesBuildPhase section */

/* Begin XCBuildConfiguration section */
		B62E736B1DA1D21F00C33683 /* Debug */ = {
			isa = XCBuildConfiguration;
			buildSettings = {
				ALWAYS_SEARCH_USER_PATHS = NO;
				CLANG_ANALYZER_NONNULL = YES;
				CLANG_CXX_LANGUAGE_STANDARD = "gnu++0x";
				CLANG_CXX_LIBRARY = "libc++";
				CLANG_ENABLE_MODULES = YES;
				CLANG_ENABLE_OBJC_ARC = YES;
				CLANG_WARN_BOOL_CONVERSION = YES;
				CLANG_WARN_CONSTANT_CONVERSION = YES;
				CLANG_WARN_DIRECT_OBJC_ISA_USAGE = YES_ERROR;
				CLANG_WARN_DOCUMENTATION_COMMENTS = YES;
				CLANG_WARN_EMPTY_BODY = YES;
				CLANG_WARN_ENUM_CONVERSION = YES;
				CLANG_WARN_INFINITE_RECURSION = YES;
				CLANG_WARN_INT_CONVERSION = YES;
				CLANG_WARN_OBJC_ROOT_CLASS = YES_ERROR;
				CLANG_WARN_SUSPICIOUS_MOVES = YES;
				CLANG_WARN_UNREACHABLE_CODE = YES;
				CLANG_WARN__DUPLICATE_METHOD_MATCH = YES;
				"CODE_SIGN_IDENTITY[sdk=iphoneos*]" = "iPhone Developer";
				COPY_PHASE_STRIP = NO;
				DEBUG_INFORMATION_FORMAT = dwarf;
				ENABLE_STRICT_OBJC_MSGSEND = YES;
				ENABLE_TESTABILITY = YES;
				GCC_C_LANGUAGE_STANDARD = gnu99;
				GCC_DYNAMIC_NO_PIC = NO;
				GCC_NO_COMMON_BLOCKS = YES;
				GCC_OPTIMIZATION_LEVEL = 0;
				GCC_PREPROCESSOR_DEFINITIONS = (
					"DEBUG=1",
					"$(inherited)",
				);
				GCC_WARN_64_TO_32_BIT_CONVERSION = YES;
				GCC_WARN_ABOUT_RETURN_TYPE = YES_ERROR;
				GCC_WARN_UNDECLARED_SELECTOR = YES;
				GCC_WARN_UNINITIALIZED_AUTOS = YES_AGGRESSIVE;
				GCC_WARN_UNUSED_FUNCTION = YES;
				GCC_WARN_UNUSED_VARIABLE = YES;
				IPHONEOS_DEPLOYMENT_TARGET = 10.0;
				MTL_ENABLE_DEBUG_INFO = YES;
				ONLY_ACTIVE_ARCH = YES;
				SDKROOT = iphoneos;
				SWIFT_ACTIVE_COMPILATION_CONDITIONS = DEBUG;
				SWIFT_OPTIMIZATION_LEVEL = "-Onone";
			};
			name = Debug;
		};
		B62E736C1DA1D21F00C33683 /* Release */ = {
			isa = XCBuildConfiguration;
			buildSettings = {
				ALWAYS_SEARCH_USER_PATHS = NO;
				CLANG_ANALYZER_NONNULL = YES;
				CLANG_CXX_LANGUAGE_STANDARD = "gnu++0x";
				CLANG_CXX_LIBRARY = "libc++";
				CLANG_ENABLE_MODULES = YES;
				CLANG_ENABLE_OBJC_ARC = YES;
				CLANG_WARN_BOOL_CONVERSION = YES;
				CLANG_WARN_CONSTANT_CONVERSION = YES;
				CLANG_WARN_DIRECT_OBJC_ISA_USAGE = YES_ERROR;
				CLANG_WARN_DOCUMENTATION_COMMENTS = YES;
				CLANG_WARN_EMPTY_BODY = YES;
				CLANG_WARN_ENUM_CONVERSION = YES;
				CLANG_WARN_INFINITE_RECURSION = YES;
				CLANG_WARN_INT_CONVERSION = YES;
				CLANG_WARN_OBJC_ROOT_CLASS = YES_ERROR;
				CLANG_WARN_SUSPICIOUS_MOVES = YES;
				CLANG_WARN_UNREACHABLE_CODE = YES;
				CLANG_WARN__DUPLICATE_METHOD_MATCH = YES;
				"CODE_SIGN_IDENTITY[sdk=iphoneos*]" = "iPhone Developer";
				COPY_PHASE_STRIP = NO;
				DEBUG_INFORMATION_FORMAT = "dwarf-with-dsym";
				ENABLE_NS_ASSERTIONS = NO;
				ENABLE_STRICT_OBJC_MSGSEND = YES;
				GCC_C_LANGUAGE_STANDARD = gnu99;
				GCC_NO_COMMON_BLOCKS = YES;
				GCC_WARN_64_TO_32_BIT_CONVERSION = YES;
				GCC_WARN_ABOUT_RETURN_TYPE = YES_ERROR;
				GCC_WARN_UNDECLARED_SELECTOR = YES;
				GCC_WARN_UNINITIALIZED_AUTOS = YES_AGGRESSIVE;
				GCC_WARN_UNUSED_FUNCTION = YES;
				GCC_WARN_UNUSED_VARIABLE = YES;
				IPHONEOS_DEPLOYMENT_TARGET = 10.0;
				MTL_ENABLE_DEBUG_INFO = NO;
				SDKROOT = iphoneos;
				SWIFT_OPTIMIZATION_LEVEL = "-Owholemodule";
				VALIDATE_PRODUCT = YES;
			};
			name = Release;
		};
		B62E736E1DA1D21F00C33683 /* Debug */ = {
			isa = XCBuildConfiguration;
			baseConfigurationReference = D9439CBC11D5EC835A474E9F /* Pods-Ready Badger.debug.xcconfig */;
			buildSettings = {
				ASSETCATALOG_COMPILER_APPICON_NAME = AppIcon;
				DEVELOPMENT_TEAM = 2T9JP2ZYVK;
				INFOPLIST_FILE = "Ready Badger/Info.plist";
				IPHONEOS_DEPLOYMENT_TARGET = 9.0;
				LD_RUNPATH_SEARCH_PATHS = "$(inherited) @executable_path/Frameworks";
				PRODUCT_BUNDLE_IDENTIFIER = "uwp.edu.appFactory.Ready-Badger";
				PRODUCT_NAME = "$(TARGET_NAME)";
				SWIFT_VERSION = 3.0;
			};
			name = Debug;
		};
		B62E736F1DA1D21F00C33683 /* Release */ = {
			isa = XCBuildConfiguration;
			baseConfigurationReference = F9D6F4B5943EE90328733F7E /* Pods-Ready Badger.release.xcconfig */;
			buildSettings = {
				ASSETCATALOG_COMPILER_APPICON_NAME = AppIcon;
				DEVELOPMENT_TEAM = 2T9JP2ZYVK;
				INFOPLIST_FILE = "Ready Badger/Info.plist";
				IPHONEOS_DEPLOYMENT_TARGET = 9.0;
				LD_RUNPATH_SEARCH_PATHS = "$(inherited) @executable_path/Frameworks";
				PRODUCT_BUNDLE_IDENTIFIER = "uwp.edu.appFactory.Ready-Badger";
				PRODUCT_NAME = "$(TARGET_NAME)";
				SWIFT_VERSION = 3.0;
			};
			name = Release;
		};
/* End XCBuildConfiguration section */

/* Begin XCConfigurationList section */
		B62E73561DA1D21F00C33683 /* Build configuration list for PBXProject "Ready Badger" */ = {
			isa = XCConfigurationList;
			buildConfigurations = (
				B62E736B1DA1D21F00C33683 /* Debug */,
				B62E736C1DA1D21F00C33683 /* Release */,
			);
			defaultConfigurationIsVisible = 0;
			defaultConfigurationName = Release;
		};
		B62E736D1DA1D21F00C33683 /* Build configuration list for PBXNativeTarget "Ready Badger" */ = {
			isa = XCConfigurationList;
			buildConfigurations = (
				B62E736E1DA1D21F00C33683 /* Debug */,
				B62E736F1DA1D21F00C33683 /* Release */,
			);
			defaultConfigurationIsVisible = 0;
			defaultConfigurationName = Release;
		};
/* End XCConfigurationList section */
	};
	rootObject = B62E73531DA1D21F00C33683 /* Project object */;
}
