// !$*UTF8*$!
{
	archiveVersion = 1;
	classes = {
	};
	objectVersion = 46;
	objects = {

/* Begin PBXBuildFile section */
		0150C56A4E80452BF18CCFD4 /* Pods_Ready_Badger.framework in Frameworks */ = {isa = PBXBuildFile; fileRef = 61B2757CB373119119FCEFAC /* Pods_Ready_Badger.framework */; };
		B612E5DF1DD0D89B0098D47C /* PictureCell.swift in Sources */ = {isa = PBXBuildFile; fileRef = B612E5DE1DD0D89B0098D47C /* PictureCell.swift */; };
		B612E5E11DD0EB0E0098D47C /* Disaster Info.storyboard in Resources */ = {isa = PBXBuildFile; fileRef = B612E5E01DD0EB0E0098D47C /* Disaster Info.storyboard */; };
		B612E5E41DD0EB4C0098D47C /* DisasterInfoViewController.swift in Sources */ = {isa = PBXBuildFile; fileRef = B612E5E31DD0EB4C0098D47C /* DisasterInfoViewController.swift */; };
		B61981021DBDBA0B00787101 /* DamageReport.swift in Sources */ = {isa = PBXBuildFile; fileRef = B61981011DBDBA0B00787101 /* DamageReport.swift */; };
		B61981041DBDBC7800787101 /* DisasterType.swift in Sources */ = {isa = PBXBuildFile; fileRef = B61981031DBDBC7800787101 /* DisasterType.swift */; };
		B61981061DBDC5C700787101 /* State.swift in Sources */ = {isa = PBXBuildFile; fileRef = B61981051DBDC5C700787101 /* State.swift */; };
		B61981081DBDCA2100787101 /* Ownership.swift in Sources */ = {isa = PBXBuildFile; fileRef = B61981071DBDCA2100787101 /* Ownership.swift */; };
		B619810C1DBDCF8B00787101 /* Answer.swift in Sources */ = {isa = PBXBuildFile; fileRef = B619810B1DBDCF8B00787101 /* Answer.swift */; };
		B61981101DBDF8A500787101 /* DamageReportDataSource.swift in Sources */ = {isa = PBXBuildFile; fileRef = B619810F1DBDF8A500787101 /* DamageReportDataSource.swift */; };
		B61981121DBDF8B200787101 /* DamageReportCellType.swift in Sources */ = {isa = PBXBuildFile; fileRef = B61981111DBDF8B200787101 /* DamageReportCellType.swift */; };
		B627DA631DAA21D5009EC6FB /* CountyDataParse.swift in Sources */ = {isa = PBXBuildFile; fileRef = B627DA621DAA21D5009EC6FB /* CountyDataParse.swift */; };
		B627DA651DAA226C009EC6FB /* BackendResponseParse.swift in Sources */ = {isa = PBXBuildFile; fileRef = B627DA641DAA226C009EC6FB /* BackendResponseParse.swift */; };
		B627DA6B1DAA25B7009EC6FB /* County.swift in Sources */ = {isa = PBXBuildFile; fileRef = B627DA6A1DAA25B7009EC6FB /* County.swift */; };
		B627DA6F1DAA2660009EC6FB /* CountyWrites.swift in Sources */ = {isa = PBXBuildFile; fileRef = B627DA6E1DAA2660009EC6FB /* CountyWrites.swift */; };
		B627DA711DAA32B4009EC6FB /* CountyQueries.swift in Sources */ = {isa = PBXBuildFile; fileRef = B627DA701DAA32B4009EC6FB /* CountyQueries.swift */; };
		B627DA731DAA4056009EC6FB /* CountyTableViewCell.swift in Sources */ = {isa = PBXBuildFile; fileRef = B627DA721DAA4056009EC6FB /* CountyTableViewCell.swift */; };
		B627DA7E1DAA4389009EC6FB /* DefaultTheme.swift in Sources */ = {isa = PBXBuildFile; fileRef = B627DA7C1DAA4389009EC6FB /* DefaultTheme.swift */; };
		B627DA7F1DAA4389009EC6FB /* Searchable.swift in Sources */ = {isa = PBXBuildFile; fileRef = B627DA7D1DAA4389009EC6FB /* Searchable.swift */; };
		B627DA811DAAC6A5009EC6FB /* CountySearchLogic.swift in Sources */ = {isa = PBXBuildFile; fileRef = B627DA801DAAC6A5009EC6FB /* CountySearchLogic.swift */; };
		B627DA831DAB5016009EC6FB /* CurrentWeatherRequest.swift in Sources */ = {isa = PBXBuildFile; fileRef = B627DA821DAB5016009EC6FB /* CurrentWeatherRequest.swift */; };
		B627DA851DAB51EA009EC6FB /* CurrentWeatherOperation.swift in Sources */ = {isa = PBXBuildFile; fileRef = B627DA841DAB51EA009EC6FB /* CurrentWeatherOperation.swift */; };
		B627DA8E1DB47543009EC6FB /* Damage Report.storyboard in Resources */ = {isa = PBXBuildFile; fileRef = B627DA8D1DB47543009EC6FB /* Damage Report.storyboard */; };
		B627DA911DB4B093009EC6FB /* DamageReportTableController.swift in Sources */ = {isa = PBXBuildFile; fileRef = B627DA901DB4B093009EC6FB /* DamageReportTableController.swift */; };
		B627DA931DB4B9B7009EC6FB /* OptionController.swift in Sources */ = {isa = PBXBuildFile; fileRef = B627DA921DB4B9B7009EC6FB /* OptionController.swift */; };
		B627DA9B1DB513CA009EC6FB /* DamageReportSegues.swift in Sources */ = {isa = PBXBuildFile; fileRef = B627DA9A1DB513CA009EC6FB /* DamageReportSegues.swift */; };
		B627DA9D1DB51EDC009EC6FB /* FormTableViewController.swift in Sources */ = {isa = PBXBuildFile; fileRef = B627DA9C1DB51EDC009EC6FB /* FormTableViewController.swift */; };
		B62E735F1DA1D21F00C33683 /* AppDelegate.swift in Sources */ = {isa = PBXBuildFile; fileRef = B62E735E1DA1D21F00C33683 /* AppDelegate.swift */; };
		B62E73661DA1D21F00C33683 /* Assets.xcassets in Resources */ = {isa = PBXBuildFile; fileRef = B62E73651DA1D21F00C33683 /* Assets.xcassets */; };
		B630D5771DD8568C0061F2F4 /* Disaster Resources.storyboard in Resources */ = {isa = PBXBuildFile; fileRef = B630D5761DD8568C0061F2F4 /* Disaster Resources.storyboard */; };
		B630D57A1DD912050061F2F4 /* DisasterResourcePageController.swift in Sources */ = {isa = PBXBuildFile; fileRef = B630D5791DD912050061F2F4 /* DisasterResourcePageController.swift */; };
		B630D57C1DD931A60061F2F4 /* DisasterResourceBaseController.swift in Sources */ = {isa = PBXBuildFile; fileRef = B630D57B1DD931A60061F2F4 /* DisasterResourceBaseController.swift */; };
		B630D57E1DD939D80061F2F4 /* DisasterResourceType.swift in Sources */ = {isa = PBXBuildFile; fileRef = B630D57D1DD939D80061F2F4 /* DisasterResourceType.swift */; };
		B630D5801DD93D0B0061F2F4 /* DisasterResource.swift in Sources */ = {isa = PBXBuildFile; fileRef = B630D57F1DD93D0B0061F2F4 /* DisasterResource.swift */; };
		B630D5821DD96BEA0061F2F4 /* DisasterResourceParse.swift in Sources */ = {isa = PBXBuildFile; fileRef = B630D5811DD96BEA0061F2F4 /* DisasterResourceParse.swift */; };
		B630D5841DD96C0C0061F2F4 /* DisasterResourceRequest.swift in Sources */ = {isa = PBXBuildFile; fileRef = B630D5831DD96C0C0061F2F4 /* DisasterResourceRequest.swift */; };
		B630D5861DD96E320061F2F4 /* DisasterResourceOperation.swift in Sources */ = {isa = PBXBuildFile; fileRef = B630D5851DD96E320061F2F4 /* DisasterResourceOperation.swift */; };
		B630D5881DD97CB40061F2F4 /* DisasterResourceWrite.swift in Sources */ = {isa = PBXBuildFile; fileRef = B630D5871DD97CB40061F2F4 /* DisasterResourceWrite.swift */; };
		B630D58A1DD981110061F2F4 /* DisasterResourceQuery.swift in Sources */ = {isa = PBXBuildFile; fileRef = B630D5891DD981110061F2F4 /* DisasterResourceQuery.swift */; };
		B630D58C1DD989120061F2F4 /* DisasterResourceCell.swift in Sources */ = {isa = PBXBuildFile; fileRef = B630D58B1DD989120061F2F4 /* DisasterResourceCell.swift */; };
		B63BFF091DEA5786004C2398 /* CameraActionSheetFactory.swift in Sources */ = {isa = PBXBuildFile; fileRef = B63BFF081DEA5786004C2398 /* CameraActionSheetFactory.swift */; };
		B6469E881DD04F4A002B109B /* DescriptionViewController.swift in Sources */ = {isa = PBXBuildFile; fileRef = B6469E871DD04F4A002B109B /* DescriptionViewController.swift */; };
		B6469E8F1DD04F72002B109B /* BasementFloodedCell.swift in Sources */ = {isa = PBXBuildFile; fileRef = B6469E8A1DD04F72002B109B /* BasementFloodedCell.swift */; };
		B6469E901DD04F72002B109B /* DamageReportCell.swift in Sources */ = {isa = PBXBuildFile; fileRef = B6469E8B1DD04F72002B109B /* DamageReportCell.swift */; };
		B6469E911DD04F72002B109B /* DamageReportLabelCell.swift in Sources */ = {isa = PBXBuildFile; fileRef = B6469E8C1DD04F72002B109B /* DamageReportLabelCell.swift */; };
		B6469E921DD04F72002B109B /* DateCell.swift in Sources */ = {isa = PBXBuildFile; fileRef = B6469E8D1DD04F72002B109B /* DateCell.swift */; };
		B6469E931DD04F72002B109B /* OptionTableViewCell.swift in Sources */ = {isa = PBXBuildFile; fileRef = B6469E8E1DD04F72002B109B /* OptionTableViewCell.swift */; };
		B655A5D91DD1510600401155 /* Bomb Threat.html in Resources */ = {isa = PBXBuildFile; fileRef = B655A5CF1DD1510600401155 /* Bomb Threat.html */; };
		B655A5DA1DD1510600401155 /* Extreme Heat.html in Resources */ = {isa = PBXBuildFile; fileRef = B655A5D01DD1510600401155 /* Extreme Heat.html */; };
		B655A5DB1DD1510600401155 /* Fire.html in Resources */ = {isa = PBXBuildFile; fileRef = B655A5D11DD1510600401155 /* Fire.html */; };
		B655A5DC1DD1510600401155 /* Flood.html in Resources */ = {isa = PBXBuildFile; fileRef = B655A5D21DD1510600401155 /* Flood.html */; };
		B655A5DD1DD1510600401155 /* Hazardous Material.html in Resources */ = {isa = PBXBuildFile; fileRef = B655A5D31DD1510600401155 /* Hazardous Material.html */; };
		B655A5DE1DD1510600401155 /* Public Health Emergency.html in Resources */ = {isa = PBXBuildFile; fileRef = B655A5D41DD1510600401155 /* Public Health Emergency.html */; };
		B655A5DF1DD1510600401155 /* Power Outage.html in Resources */ = {isa = PBXBuildFile; fileRef = B655A5D51DD1510600401155 /* Power Outage.html */; };
		B655A5E01DD1510600401155 /* Thunderstorm.html in Resources */ = {isa = PBXBuildFile; fileRef = B655A5D61DD1510600401155 /* Thunderstorm.html */; };
		B655A5E11DD1510600401155 /* Tornado.html in Resources */ = {isa = PBXBuildFile; fileRef = B655A5D71DD1510600401155 /* Tornado.html */; };
		B655A5E21DD1510600401155 /* Winter Storm.html in Resources */ = {isa = PBXBuildFile; fileRef = B655A5D81DD1510600401155 /* Winter Storm.html */; };
		B65D26041DAA0615001A3634 /* BackendOperation.swift in Sources */ = {isa = PBXBuildFile; fileRef = B65D25EB1DAA0615001A3634 /* BackendOperation.swift */; };
		B65D26051DAA0615001A3634 /* BackendRequest.swift in Sources */ = {isa = PBXBuildFile; fileRef = B65D25EC1DAA0615001A3634 /* BackendRequest.swift */; };
		B65D26061DAA0615001A3634 /* BackendRequestJSONExtension.swift in Sources */ = {isa = PBXBuildFile; fileRef = B65D25ED1DAA0615001A3634 /* BackendRequestJSONExtension.swift */; };
		B65D26081DAA0615001A3634 /* BackendServiceMethod.swift in Sources */ = {isa = PBXBuildFile; fileRef = B65D25EF1DAA0615001A3634 /* BackendServiceMethod.swift */; };
		B65D260A1DAA0615001A3634 /* BackendConfiguration.swift in Sources */ = {isa = PBXBuildFile; fileRef = B65D25F11DAA0615001A3634 /* BackendConfiguration.swift */; };
		B65D260B1DAA0615001A3634 /* BackendService.swift in Sources */ = {isa = PBXBuildFile; fileRef = B65D25F21DAA0615001A3634 /* BackendService.swift */; };
		B65D260C1DAA0615001A3634 /* NetworkQueue.swift in Sources */ = {isa = PBXBuildFile; fileRef = B65D25F31DAA0615001A3634 /* NetworkQueue.swift */; };
		B65D261B1DAA07D0001A3634 /* AllCountyRequest.swift in Sources */ = {isa = PBXBuildFile; fileRef = B65D261A1DAA07D0001A3634 /* AllCountyRequest.swift */; };
		B65D261D1DAA086E001A3634 /* AllCountyOperation.swift in Sources */ = {isa = PBXBuildFile; fileRef = B65D261C1DAA086E001A3634 /* AllCountyOperation.swift */; };
		B67510DE1DA2271A00E81CB3 /* HamburgerMenu.swift in Sources */ = {isa = PBXBuildFile; fileRef = B67510DA1DA2271A00E81CB3 /* HamburgerMenu.swift */; };
		B67510DF1DA2271A00E81CB3 /* MenuItem.swift in Sources */ = {isa = PBXBuildFile; fileRef = B67510DB1DA2271A00E81CB3 /* MenuItem.swift */; };
		B67510E01DA2271A00E81CB3 /* MenuLinkCell.swift in Sources */ = {isa = PBXBuildFile; fileRef = B67510DC1DA2271A00E81CB3 /* MenuLinkCell.swift */; };
		B67510E11DA2271A00E81CB3 /* MenuTableViewController.swift in Sources */ = {isa = PBXBuildFile; fileRef = B67510DD1DA2271A00E81CB3 /* MenuTableViewController.swift */; };
		B67510E31DA227EF00E81CB3 /* Menu Links.swift in Sources */ = {isa = PBXBuildFile; fileRef = B67510E21DA227EF00E81CB3 /* Menu Links.swift */; };
		B67510E81DA2381700E81CB3 /* CAPSPageMenu.swift in Sources */ = {isa = PBXBuildFile; fileRef = B67510E71DA2381700E81CB3 /* CAPSPageMenu.swift */; };
		B67510EB1DA238BD00E81CB3 /* AlertFeedViewController.swift in Sources */ = {isa = PBXBuildFile; fileRef = B67510EA1DA238BD00E81CB3 /* AlertFeedViewController.swift */; };
		B67510ED1DA238E900E81CB3 /* FeedPageViewController.swift in Sources */ = {isa = PBXBuildFile; fileRef = B67510EC1DA238E900E81CB3 /* FeedPageViewController.swift */; };
		B67510EF1DA23DD500E81CB3 /* UIColorAppColors.swift in Sources */ = {isa = PBXBuildFile; fileRef = B67510EE1DA23DD500E81CB3 /* UIColorAppColors.swift */; };
		B69004C11DA9CF8E0001D4F8 /* Base.storyboard in Resources */ = {isa = PBXBuildFile; fileRef = B69004BD1DA9CF8E0001D4F8 /* Base.storyboard */; };
		B69004C31DA9CF8E0001D4F8 /* LaunchScreen.storyboard in Resources */ = {isa = PBXBuildFile; fileRef = B69004BF1DA9CF8E0001D4F8 /* LaunchScreen.storyboard */; };
		B69004C41DA9CF8E0001D4F8 /* Alert Feed.storyboard in Resources */ = {isa = PBXBuildFile; fileRef = B69004C01DA9CF8E0001D4F8 /* Alert Feed.storyboard */; };
		B69004C61DA9D2700001D4F8 /* County Settings.storyboard in Resources */ = {isa = PBXBuildFile; fileRef = B69004C51DA9D2700001D4F8 /* County Settings.storyboard */; };
		B69004C91DA9D8010001D4F8 /* CountySettingsViewController.swift in Sources */ = {isa = PBXBuildFile; fileRef = B69004C81DA9D8010001D4F8 /* CountySettingsViewController.swift */; };
		B69F769C1DE3FF2D000A3166 /* BubbleView.swift in Sources */ = {isa = PBXBuildFile; fileRef = B69F76951DE3FF2D000A3166 /* BubbleView.swift */; };
		B69F769D1DE3FF2D000A3166 /* CalloutAnnotation.swift in Sources */ = {isa = PBXBuildFile; fileRef = B69F76961DE3FF2D000A3166 /* CalloutAnnotation.swift */; };
		B69F769E1DE3FF2D000A3166 /* CalloutAnnotationView.swift in Sources */ = {isa = PBXBuildFile; fileRef = B69F76971DE3FF2D000A3166 /* CalloutAnnotationView.swift */; };
		B69F769F1DE3FF2D000A3166 /* CustomAnnotation.swift in Sources */ = {isa = PBXBuildFile; fileRef = B69F76981DE3FF2D000A3166 /* CustomAnnotation.swift */; };
		B69F76A01DE3FF2D000A3166 /* RiverItem.swift in Sources */ = {isa = PBXBuildFile; fileRef = B69F76991DE3FF2D000A3166 /* RiverItem.swift */; };
		B69F76A11DE3FF2D000A3166 /* RiverMapViewController.swift in Sources */ = {isa = PBXBuildFile; fileRef = B69F769A1DE3FF2D000A3166 /* RiverMapViewController.swift */; };
		B69F76A21DE3FF2D000A3166 /* RiversKMLParser.swift in Sources */ = {isa = PBXBuildFile; fileRef = B69F769B1DE3FF2D000A3166 /* RiversKMLParser.swift */; };
		B69F76A71DE3FF36000A3166 /* Keys.swift in Sources */ = {isa = PBXBuildFile; fileRef = B69F76A31DE3FF36000A3166 /* Keys.swift */; };
		B69F76A81DE3FF36000A3166 /* Location.swift in Sources */ = {isa = PBXBuildFile; fileRef = B69F76A41DE3FF36000A3166 /* Location.swift */; };
		B69F76A91DE3FF36000A3166 /* LocationManager.swift in Sources */ = {isa = PBXBuildFile; fileRef = B69F76A51DE3FF36000A3166 /* LocationManager.swift */; };
		B69F76AA1DE3FF36000A3166 /* RealmUserDefaults.swift in Sources */ = {isa = PBXBuildFile; fileRef = B69F76A61DE3FF36000A3166 /* RealmUserDefaults.swift */; };
		B69F76AC1DE3FF86000A3166 /* River Map.storyboard in Resources */ = {isa = PBXBuildFile; fileRef = B69F76AB1DE3FF86000A3166 /* River Map.storyboard */; };
		B69F76AE1DE40D64000A3166 /* UIImageDownloadedFrom.swift in Sources */ = {isa = PBXBuildFile; fileRef = B69F76AD1DE40D63000A3166 /* UIImageDownloadedFrom.swift */; };
		B69F76B01DE428AA000A3166 /* Basic Kit.storyboard in Resources */ = {isa = PBXBuildFile; fileRef = B69F76AF1DE428AA000A3166 /* Basic Kit.storyboard */; };
		B69F76B21DE428B9000A3166 /* Plan Ahead.storyboard in Resources */ = {isa = PBXBuildFile; fileRef = B69F76B11DE428B9000A3166 /* Plan Ahead.storyboard */; };
		B69F76B51DE429D4000A3166 /* PlanAheadViewController.swift in Sources */ = {isa = PBXBuildFile; fileRef = B69F76B41DE429D4000A3166 /* PlanAheadViewController.swift */; };
		B69F76B71DE429E3000A3166 /* BasicKitViewController.swift in Sources */ = {isa = PBXBuildFile; fileRef = B69F76B61DE429E3000A3166 /* BasicKitViewController.swift */; };
		B69F76B91DE431F2000A3166 /* Make A List.storyboard in Resources */ = {isa = PBXBuildFile; fileRef = B69F76B81DE431F2000A3166 /* Make A List.storyboard */; };
		B6AA49CC1DD82E1000905DCA /* DisasterInfoType.swift in Sources */ = {isa = PBXBuildFile; fileRef = B6AA49CB1DD82E1000905DCA /* DisasterInfoType.swift */; };
		B6AA49CE1DD8328600905DCA /* DisasterInfoPageController.swift in Sources */ = {isa = PBXBuildFile; fileRef = B6AA49CD1DD8328600905DCA /* DisasterInfoPageController.swift */; };
		B6BDF99E1DC7F5E800F5AD48 /* DamageReportInputValidator.swift in Sources */ = {isa = PBXBuildFile; fileRef = B6BDF99D1DC7F5E800F5AD48 /* DamageReportInputValidator.swift */; };
		B6D051211DDEC2CB00AB1741 /* FeedData.swift in Sources */ = {isa = PBXBuildFile; fileRef = B6D051201DDEC2CB00AB1741 /* FeedData.swift */; };
		B6D051231DDEC2EB00AB1741 /* CountyData.swift in Sources */ = {isa = PBXBuildFile; fileRef = B6D051221DDEC2EB00AB1741 /* CountyData.swift */; };
		B6D051251DDEC30C00AB1741 /* AlertData.swift in Sources */ = {isa = PBXBuildFile; fileRef = B6D051241DDEC30C00AB1741 /* AlertData.swift */; };
		B6D051271DDEC35400AB1741 /* WeatherData.swift in Sources */ = {isa = PBXBuildFile; fileRef = B6D051261DDEC35400AB1741 /* WeatherData.swift */; };
		B6D051291DDEC3DC00AB1741 /* RoadData.swift in Sources */ = {isa = PBXBuildFile; fileRef = B6D051281DDEC3DC00AB1741 /* RoadData.swift */; };
		B6D0512B1DDEC43C00AB1741 /* AirQualityData.swift in Sources */ = {isa = PBXBuildFile; fileRef = B6D0512A1DDEC43C00AB1741 /* AirQualityData.swift */; };
		B6D0512D1DDEC6D300AB1741 /* FeedOrientation.swift in Sources */ = {isa = PBXBuildFile; fileRef = B6D0512C1DDEC6D300AB1741 /* FeedOrientation.swift */; };
		B6D0512F1DDECF4C00AB1741 /* FeedParse.swift in Sources */ = {isa = PBXBuildFile; fileRef = B6D0512E1DDECF4C00AB1741 /* FeedParse.swift */; };
		B6D051311DDECFA500AB1741 /* FeedRequest.swift in Sources */ = {isa = PBXBuildFile; fileRef = B6D051301DDECFA500AB1741 /* FeedRequest.swift */; };
		B6D051331DDED18000AB1741 /* FeedOperation.swift in Sources */ = {isa = PBXBuildFile; fileRef = B6D051321DDED18000AB1741 /* FeedOperation.swift */; };
		B6D051361DDED2B000AB1741 /* WeatherTableViewCell.swift in Sources */ = {isa = PBXBuildFile; fileRef = B6D051351DDED2B000AB1741 /* WeatherTableViewCell.swift */; };
		B6D051381DDED2BE00AB1741 /* AlertTableViewCell.swift in Sources */ = {isa = PBXBuildFile; fileRef = B6D051371DDED2BE00AB1741 /* AlertTableViewCell.swift */; };
		B6D0513A1DDED2C900AB1741 /* RoadIncidentTableViewCell.swift in Sources */ = {isa = PBXBuildFile; fileRef = B6D051391DDED2C900AB1741 /* RoadIncidentTableViewCell.swift */; };
		B6D0513C1DDED2DC00AB1741 /* AirQualityTableViewCell.swift in Sources */ = {isa = PBXBuildFile; fileRef = B6D0513B1DDED2DC00AB1741 /* AirQualityTableViewCell.swift */; };
		B6D0513E1DE293B300AB1741 /* FeedDataValue.swift in Sources */ = {isa = PBXBuildFile; fileRef = B6D0513D1DE293B300AB1741 /* FeedDataValue.swift */; };
		B6D051401DE2B3C900AB1741 /* IconFactory.swift in Sources */ = {isa = PBXBuildFile; fileRef = B6D0513F1DE2B3C900AB1741 /* IconFactory.swift */; };
		B6DA41F11DDA096C00CEB6E5 /* DamageReportRequest.swift in Sources */ = {isa = PBXBuildFile; fileRef = B6DA41F01DDA096C00CEB6E5 /* DamageReportRequest.swift */; };
		B6DA41F31DDA123B00CEB6E5 /* DamageReportOperation.swift in Sources */ = {isa = PBXBuildFile; fileRef = B6DA41F21DDA123B00CEB6E5 /* DamageReportOperation.swift */; };
		B6DA41F61DDA2F4100CEB6E5 /* EmptyState.swift in Sources */ = {isa = PBXBuildFile; fileRef = B6DA41F51DDA2F4100CEB6E5 /* EmptyState.swift */; };
		B6DA41F81DDA2F5900CEB6E5 /* EmptyState.xib in Resources */ = {isa = PBXBuildFile; fileRef = B6DA41F71DDA2F5900CEB6E5 /* EmptyState.xib */; };
		B6DA41FA1DDA313A00CEB6E5 /* BundleExtension.swift in Sources */ = {isa = PBXBuildFile; fileRef = B6DA41F91DDA313A00CEB6E5 /* BundleExtension.swift */; };
/* End PBXBuildFile section */

/* Begin PBXFileReference section */
		61B2757CB373119119FCEFAC /* Pods_Ready_Badger.framework */ = {isa = PBXFileReference; explicitFileType = wrapper.framework; includeInIndex = 0; path = Pods_Ready_Badger.framework; sourceTree = BUILT_PRODUCTS_DIR; };
		B612E5DE1DD0D89B0098D47C /* PictureCell.swift */ = {isa = PBXFileReference; fileEncoding = 4; lastKnownFileType = sourcecode.swift; path = PictureCell.swift; sourceTree = "<group>"; };
		B612E5E01DD0EB0E0098D47C /* Disaster Info.storyboard */ = {isa = PBXFileReference; fileEncoding = 4; lastKnownFileType = file.storyboard; path = "Disaster Info.storyboard"; sourceTree = "<group>"; };
		B612E5E31DD0EB4C0098D47C /* DisasterInfoViewController.swift */ = {isa = PBXFileReference; fileEncoding = 4; lastKnownFileType = sourcecode.swift; path = DisasterInfoViewController.swift; sourceTree = "<group>"; };
		B61981011DBDBA0B00787101 /* DamageReport.swift */ = {isa = PBXFileReference; fileEncoding = 4; lastKnownFileType = sourcecode.swift; path = DamageReport.swift; sourceTree = "<group>"; };
		B61981031DBDBC7800787101 /* DisasterType.swift */ = {isa = PBXFileReference; fileEncoding = 4; lastKnownFileType = sourcecode.swift; path = DisasterType.swift; sourceTree = "<group>"; };
		B61981051DBDC5C700787101 /* State.swift */ = {isa = PBXFileReference; fileEncoding = 4; lastKnownFileType = sourcecode.swift; path = State.swift; sourceTree = "<group>"; };
		B61981071DBDCA2100787101 /* Ownership.swift */ = {isa = PBXFileReference; fileEncoding = 4; lastKnownFileType = sourcecode.swift; path = Ownership.swift; sourceTree = "<group>"; };
		B619810B1DBDCF8B00787101 /* Answer.swift */ = {isa = PBXFileReference; fileEncoding = 4; lastKnownFileType = sourcecode.swift; path = Answer.swift; sourceTree = "<group>"; };
		B619810F1DBDF8A500787101 /* DamageReportDataSource.swift */ = {isa = PBXFileReference; fileEncoding = 4; lastKnownFileType = sourcecode.swift; path = DamageReportDataSource.swift; sourceTree = "<group>"; };
		B61981111DBDF8B200787101 /* DamageReportCellType.swift */ = {isa = PBXFileReference; fileEncoding = 4; lastKnownFileType = sourcecode.swift; path = DamageReportCellType.swift; sourceTree = "<group>"; };
		B627DA621DAA21D5009EC6FB /* CountyDataParse.swift */ = {isa = PBXFileReference; fileEncoding = 4; lastKnownFileType = sourcecode.swift; path = CountyDataParse.swift; sourceTree = "<group>"; };
		B627DA641DAA226C009EC6FB /* BackendResponseParse.swift */ = {isa = PBXFileReference; fileEncoding = 4; lastKnownFileType = sourcecode.swift; path = BackendResponseParse.swift; sourceTree = "<group>"; };
		B627DA6A1DAA25B7009EC6FB /* County.swift */ = {isa = PBXFileReference; fileEncoding = 4; lastKnownFileType = sourcecode.swift; path = County.swift; sourceTree = "<group>"; };
		B627DA6E1DAA2660009EC6FB /* CountyWrites.swift */ = {isa = PBXFileReference; fileEncoding = 4; lastKnownFileType = sourcecode.swift; path = CountyWrites.swift; sourceTree = "<group>"; };
		B627DA701DAA32B4009EC6FB /* CountyQueries.swift */ = {isa = PBXFileReference; fileEncoding = 4; lastKnownFileType = sourcecode.swift; path = CountyQueries.swift; sourceTree = "<group>"; };
		B627DA721DAA4056009EC6FB /* CountyTableViewCell.swift */ = {isa = PBXFileReference; fileEncoding = 4; lastKnownFileType = sourcecode.swift; name = CountyTableViewCell.swift; path = "County Settings/CountyTableViewCell.swift"; sourceTree = "<group>"; };
		B627DA7C1DAA4389009EC6FB /* DefaultTheme.swift */ = {isa = PBXFileReference; fileEncoding = 4; lastKnownFileType = sourcecode.swift; path = DefaultTheme.swift; sourceTree = "<group>"; };
		B627DA7D1DAA4389009EC6FB /* Searchable.swift */ = {isa = PBXFileReference; fileEncoding = 4; lastKnownFileType = sourcecode.swift; path = Searchable.swift; sourceTree = "<group>"; };
		B627DA801DAAC6A5009EC6FB /* CountySearchLogic.swift */ = {isa = PBXFileReference; fileEncoding = 4; lastKnownFileType = sourcecode.swift; name = CountySearchLogic.swift; path = "County Settings/CountySearchLogic.swift"; sourceTree = "<group>"; };
		B627DA821DAB5016009EC6FB /* CurrentWeatherRequest.swift */ = {isa = PBXFileReference; fileEncoding = 4; lastKnownFileType = sourcecode.swift; path = CurrentWeatherRequest.swift; sourceTree = "<group>"; };
		B627DA841DAB51EA009EC6FB /* CurrentWeatherOperation.swift */ = {isa = PBXFileReference; fileEncoding = 4; lastKnownFileType = sourcecode.swift; path = CurrentWeatherOperation.swift; sourceTree = "<group>"; };
		B627DA8D1DB47543009EC6FB /* Damage Report.storyboard */ = {isa = PBXFileReference; fileEncoding = 4; lastKnownFileType = file.storyboard; path = "Damage Report.storyboard"; sourceTree = "<group>"; };
		B627DA901DB4B093009EC6FB /* DamageReportTableController.swift */ = {isa = PBXFileReference; fileEncoding = 4; lastKnownFileType = sourcecode.swift; name = DamageReportTableController.swift; path = "Damage Report/DamageReportTableController.swift"; sourceTree = "<group>"; };
		B627DA921DB4B9B7009EC6FB /* OptionController.swift */ = {isa = PBXFileReference; fileEncoding = 4; lastKnownFileType = sourcecode.swift; name = OptionController.swift; path = "Damage Report/OptionController.swift"; sourceTree = "<group>"; };
		B627DA9A1DB513CA009EC6FB /* DamageReportSegues.swift */ = {isa = PBXFileReference; fileEncoding = 4; lastKnownFileType = sourcecode.swift; name = DamageReportSegues.swift; path = "Damage Report/DamageReportSegues.swift"; sourceTree = "<group>"; };
		B627DA9C1DB51EDC009EC6FB /* FormTableViewController.swift */ = {isa = PBXFileReference; fileEncoding = 4; lastKnownFileType = sourcecode.swift; path = FormTableViewController.swift; sourceTree = "<group>"; };
		B62E735B1DA1D21F00C33683 /* Ready Badger.app */ = {isa = PBXFileReference; explicitFileType = wrapper.application; includeInIndex = 0; path = "Ready Badger.app"; sourceTree = BUILT_PRODUCTS_DIR; };
		B62E735E1DA1D21F00C33683 /* AppDelegate.swift */ = {isa = PBXFileReference; lastKnownFileType = sourcecode.swift; path = AppDelegate.swift; sourceTree = "<group>"; };
		B62E73651DA1D21F00C33683 /* Assets.xcassets */ = {isa = PBXFileReference; lastKnownFileType = folder.assetcatalog; path = Assets.xcassets; sourceTree = "<group>"; };
		B62E736A1DA1D21F00C33683 /* Info.plist */ = {isa = PBXFileReference; lastKnownFileType = text.plist.xml; path = Info.plist; sourceTree = "<group>"; };
		B630D5761DD8568C0061F2F4 /* Disaster Resources.storyboard */ = {isa = PBXFileReference; fileEncoding = 4; lastKnownFileType = file.storyboard; path = "Disaster Resources.storyboard"; sourceTree = "<group>"; };
		B630D5791DD912050061F2F4 /* DisasterResourcePageController.swift */ = {isa = PBXFileReference; fileEncoding = 4; lastKnownFileType = sourcecode.swift; name = DisasterResourcePageController.swift; path = "Disaster Resource/DisasterResourcePageController.swift"; sourceTree = "<group>"; };
		B630D57B1DD931A60061F2F4 /* DisasterResourceBaseController.swift */ = {isa = PBXFileReference; fileEncoding = 4; lastKnownFileType = sourcecode.swift; name = DisasterResourceBaseController.swift; path = "Disaster Resource/DisasterResourceBaseController.swift"; sourceTree = "<group>"; };
		B630D57D1DD939D80061F2F4 /* DisasterResourceType.swift */ = {isa = PBXFileReference; fileEncoding = 4; lastKnownFileType = sourcecode.swift; name = DisasterResourceType.swift; path = "Disaster Resource/DisasterResourceType.swift"; sourceTree = "<group>"; };
		B630D57F1DD93D0B0061F2F4 /* DisasterResource.swift */ = {isa = PBXFileReference; fileEncoding = 4; lastKnownFileType = sourcecode.swift; path = DisasterResource.swift; sourceTree = "<group>"; };
		B630D5811DD96BEA0061F2F4 /* DisasterResourceParse.swift */ = {isa = PBXFileReference; fileEncoding = 4; lastKnownFileType = sourcecode.swift; path = DisasterResourceParse.swift; sourceTree = "<group>"; };
		B630D5831DD96C0C0061F2F4 /* DisasterResourceRequest.swift */ = {isa = PBXFileReference; fileEncoding = 4; lastKnownFileType = sourcecode.swift; path = DisasterResourceRequest.swift; sourceTree = "<group>"; };
		B630D5851DD96E320061F2F4 /* DisasterResourceOperation.swift */ = {isa = PBXFileReference; fileEncoding = 4; lastKnownFileType = sourcecode.swift; path = DisasterResourceOperation.swift; sourceTree = "<group>"; };
		B630D5871DD97CB40061F2F4 /* DisasterResourceWrite.swift */ = {isa = PBXFileReference; fileEncoding = 4; lastKnownFileType = sourcecode.swift; path = DisasterResourceWrite.swift; sourceTree = "<group>"; };
		B630D5891DD981110061F2F4 /* DisasterResourceQuery.swift */ = {isa = PBXFileReference; fileEncoding = 4; lastKnownFileType = sourcecode.swift; path = DisasterResourceQuery.swift; sourceTree = "<group>"; };
		B630D58B1DD989120061F2F4 /* DisasterResourceCell.swift */ = {isa = PBXFileReference; fileEncoding = 4; lastKnownFileType = sourcecode.swift; name = DisasterResourceCell.swift; path = "Disaster Resource/DisasterResourceCell.swift"; sourceTree = "<group>"; };
		B63BFF081DEA5786004C2398 /* CameraActionSheetFactory.swift */ = {isa = PBXFileReference; fileEncoding = 4; lastKnownFileType = sourcecode.swift; name = CameraActionSheetFactory.swift; path = "Damage Report/CameraActionSheetFactory.swift"; sourceTree = "<group>"; };
		B6469E871DD04F4A002B109B /* DescriptionViewController.swift */ = {isa = PBXFileReference; fileEncoding = 4; lastKnownFileType = sourcecode.swift; name = DescriptionViewController.swift; path = "Damage Report/DescriptionViewController.swift"; sourceTree = "<group>"; };
		B6469E8A1DD04F72002B109B /* BasementFloodedCell.swift */ = {isa = PBXFileReference; fileEncoding = 4; lastKnownFileType = sourcecode.swift; path = BasementFloodedCell.swift; sourceTree = "<group>"; };
		B6469E8B1DD04F72002B109B /* DamageReportCell.swift */ = {isa = PBXFileReference; fileEncoding = 4; lastKnownFileType = sourcecode.swift; path = DamageReportCell.swift; sourceTree = "<group>"; };
		B6469E8C1DD04F72002B109B /* DamageReportLabelCell.swift */ = {isa = PBXFileReference; fileEncoding = 4; lastKnownFileType = sourcecode.swift; path = DamageReportLabelCell.swift; sourceTree = "<group>"; };
		B6469E8D1DD04F72002B109B /* DateCell.swift */ = {isa = PBXFileReference; fileEncoding = 4; lastKnownFileType = sourcecode.swift; path = DateCell.swift; sourceTree = "<group>"; };
		B6469E8E1DD04F72002B109B /* OptionTableViewCell.swift */ = {isa = PBXFileReference; fileEncoding = 4; lastKnownFileType = sourcecode.swift; path = OptionTableViewCell.swift; sourceTree = "<group>"; };
		B655A5CF1DD1510600401155 /* Bomb Threat.html */ = {isa = PBXFileReference; fileEncoding = 4; lastKnownFileType = text.html; path = "Bomb Threat.html"; sourceTree = "<group>"; };
		B655A5D01DD1510600401155 /* Extreme Heat.html */ = {isa = PBXFileReference; fileEncoding = 4; lastKnownFileType = text.html; path = "Extreme Heat.html"; sourceTree = "<group>"; };
		B655A5D11DD1510600401155 /* Fire.html */ = {isa = PBXFileReference; fileEncoding = 4; lastKnownFileType = text.html; path = Fire.html; sourceTree = "<group>"; };
		B655A5D21DD1510600401155 /* Flood.html */ = {isa = PBXFileReference; fileEncoding = 4; lastKnownFileType = text.html; path = Flood.html; sourceTree = "<group>"; };
		B655A5D31DD1510600401155 /* Hazardous Material.html */ = {isa = PBXFileReference; fileEncoding = 4; lastKnownFileType = text.html; path = "Hazardous Material.html"; sourceTree = "<group>"; };
		B655A5D41DD1510600401155 /* Public Health Emergency.html */ = {isa = PBXFileReference; fileEncoding = 4; lastKnownFileType = text.html; path = "Public Health Emergency.html"; sourceTree = "<group>"; };
		B655A5D51DD1510600401155 /* Power Outage.html */ = {isa = PBXFileReference; fileEncoding = 4; lastKnownFileType = text.html; path = "Power Outage.html"; sourceTree = "<group>"; };
		B655A5D61DD1510600401155 /* Thunderstorm.html */ = {isa = PBXFileReference; fileEncoding = 4; lastKnownFileType = text.html; path = Thunderstorm.html; sourceTree = "<group>"; };
		B655A5D71DD1510600401155 /* Tornado.html */ = {isa = PBXFileReference; fileEncoding = 4; lastKnownFileType = text.html; path = Tornado.html; sourceTree = "<group>"; };
		B655A5D81DD1510600401155 /* Winter Storm.html */ = {isa = PBXFileReference; fileEncoding = 4; lastKnownFileType = text.html; path = "Winter Storm.html"; sourceTree = "<group>"; };
		B65D25EB1DAA0615001A3634 /* BackendOperation.swift */ = {isa = PBXFileReference; fileEncoding = 4; lastKnownFileType = sourcecode.swift; path = BackendOperation.swift; sourceTree = "<group>"; };
		B65D25EC1DAA0615001A3634 /* BackendRequest.swift */ = {isa = PBXFileReference; fileEncoding = 4; lastKnownFileType = sourcecode.swift; path = BackendRequest.swift; sourceTree = "<group>"; };
		B65D25ED1DAA0615001A3634 /* BackendRequestJSONExtension.swift */ = {isa = PBXFileReference; fileEncoding = 4; lastKnownFileType = sourcecode.swift; path = BackendRequestJSONExtension.swift; sourceTree = "<group>"; };
		B65D25EF1DAA0615001A3634 /* BackendServiceMethod.swift */ = {isa = PBXFileReference; fileEncoding = 4; lastKnownFileType = sourcecode.swift; path = BackendServiceMethod.swift; sourceTree = "<group>"; };
		B65D25F11DAA0615001A3634 /* BackendConfiguration.swift */ = {isa = PBXFileReference; fileEncoding = 4; lastKnownFileType = sourcecode.swift; path = BackendConfiguration.swift; sourceTree = "<group>"; };
		B65D25F21DAA0615001A3634 /* BackendService.swift */ = {isa = PBXFileReference; fileEncoding = 4; lastKnownFileType = sourcecode.swift; path = BackendService.swift; sourceTree = "<group>"; };
		B65D25F31DAA0615001A3634 /* NetworkQueue.swift */ = {isa = PBXFileReference; fileEncoding = 4; lastKnownFileType = sourcecode.swift; path = NetworkQueue.swift; sourceTree = "<group>"; };
		B65D261A1DAA07D0001A3634 /* AllCountyRequest.swift */ = {isa = PBXFileReference; fileEncoding = 4; lastKnownFileType = sourcecode.swift; path = AllCountyRequest.swift; sourceTree = "<group>"; };
		B65D261C1DAA086E001A3634 /* AllCountyOperation.swift */ = {isa = PBXFileReference; fileEncoding = 4; lastKnownFileType = sourcecode.swift; path = AllCountyOperation.swift; sourceTree = "<group>"; };
		B67510DA1DA2271A00E81CB3 /* HamburgerMenu.swift */ = {isa = PBXFileReference; fileEncoding = 4; lastKnownFileType = sourcecode.swift; path = HamburgerMenu.swift; sourceTree = "<group>"; };
		B67510DB1DA2271A00E81CB3 /* MenuItem.swift */ = {isa = PBXFileReference; fileEncoding = 4; lastKnownFileType = sourcecode.swift; path = MenuItem.swift; sourceTree = "<group>"; };
		B67510DC1DA2271A00E81CB3 /* MenuLinkCell.swift */ = {isa = PBXFileReference; fileEncoding = 4; lastKnownFileType = sourcecode.swift; path = MenuLinkCell.swift; sourceTree = "<group>"; };
		B67510DD1DA2271A00E81CB3 /* MenuTableViewController.swift */ = {isa = PBXFileReference; fileEncoding = 4; lastKnownFileType = sourcecode.swift; path = MenuTableViewController.swift; sourceTree = "<group>"; };
		B67510E21DA227EF00E81CB3 /* Menu Links.swift */ = {isa = PBXFileReference; fileEncoding = 4; lastKnownFileType = sourcecode.swift; path = "Menu Links.swift"; sourceTree = "<group>"; };
		B67510E71DA2381700E81CB3 /* CAPSPageMenu.swift */ = {isa = PBXFileReference; fileEncoding = 4; lastKnownFileType = sourcecode.swift; path = CAPSPageMenu.swift; sourceTree = "<group>"; };
		B67510EA1DA238BD00E81CB3 /* AlertFeedViewController.swift */ = {isa = PBXFileReference; fileEncoding = 4; lastKnownFileType = sourcecode.swift; path = AlertFeedViewController.swift; sourceTree = "<group>"; };
		B67510EC1DA238E900E81CB3 /* FeedPageViewController.swift */ = {isa = PBXFileReference; fileEncoding = 4; lastKnownFileType = sourcecode.swift; path = FeedPageViewController.swift; sourceTree = "<group>"; };
		B67510EE1DA23DD500E81CB3 /* UIColorAppColors.swift */ = {isa = PBXFileReference; fileEncoding = 4; lastKnownFileType = sourcecode.swift; name = UIColorAppColors.swift; path = "Ready Badger/UIColorAppColors.swift"; sourceTree = SOURCE_ROOT; };
		B69004BD1DA9CF8E0001D4F8 /* Base.storyboard */ = {isa = PBXFileReference; fileEncoding = 4; lastKnownFileType = file.storyboard; path = Base.storyboard; sourceTree = "<group>"; };
		B69004BF1DA9CF8E0001D4F8 /* LaunchScreen.storyboard */ = {isa = PBXFileReference; fileEncoding = 4; lastKnownFileType = file.storyboard; path = LaunchScreen.storyboard; sourceTree = "<group>"; };
		B69004C01DA9CF8E0001D4F8 /* Alert Feed.storyboard */ = {isa = PBXFileReference; fileEncoding = 4; lastKnownFileType = file.storyboard; path = "Alert Feed.storyboard"; sourceTree = "<group>"; };
		B69004C51DA9D2700001D4F8 /* County Settings.storyboard */ = {isa = PBXFileReference; fileEncoding = 4; lastKnownFileType = file.storyboard; path = "County Settings.storyboard"; sourceTree = "<group>"; };
		B69004C81DA9D8010001D4F8 /* CountySettingsViewController.swift */ = {isa = PBXFileReference; fileEncoding = 4; lastKnownFileType = sourcecode.swift; name = CountySettingsViewController.swift; path = "County Settings/CountySettingsViewController.swift"; sourceTree = "<group>"; };
		B69F76951DE3FF2D000A3166 /* BubbleView.swift */ = {isa = PBXFileReference; fileEncoding = 4; lastKnownFileType = sourcecode.swift; path = BubbleView.swift; sourceTree = "<group>"; };
		B69F76961DE3FF2D000A3166 /* CalloutAnnotation.swift */ = {isa = PBXFileReference; fileEncoding = 4; lastKnownFileType = sourcecode.swift; path = CalloutAnnotation.swift; sourceTree = "<group>"; };
		B69F76971DE3FF2D000A3166 /* CalloutAnnotationView.swift */ = {isa = PBXFileReference; fileEncoding = 4; lastKnownFileType = sourcecode.swift; path = CalloutAnnotationView.swift; sourceTree = "<group>"; };
		B69F76981DE3FF2D000A3166 /* CustomAnnotation.swift */ = {isa = PBXFileReference; fileEncoding = 4; lastKnownFileType = sourcecode.swift; path = CustomAnnotation.swift; sourceTree = "<group>"; };
		B69F76991DE3FF2D000A3166 /* RiverItem.swift */ = {isa = PBXFileReference; fileEncoding = 4; lastKnownFileType = sourcecode.swift; path = RiverItem.swift; sourceTree = "<group>"; };
		B69F769A1DE3FF2D000A3166 /* RiverMapViewController.swift */ = {isa = PBXFileReference; fileEncoding = 4; lastKnownFileType = sourcecode.swift; path = RiverMapViewController.swift; sourceTree = "<group>"; };
		B69F769B1DE3FF2D000A3166 /* RiversKMLParser.swift */ = {isa = PBXFileReference; fileEncoding = 4; lastKnownFileType = sourcecode.swift; path = RiversKMLParser.swift; sourceTree = "<group>"; };
		B69F76A31DE3FF36000A3166 /* Keys.swift */ = {isa = PBXFileReference; fileEncoding = 4; lastKnownFileType = sourcecode.swift; path = Keys.swift; sourceTree = "<group>"; };
		B69F76A41DE3FF36000A3166 /* Location.swift */ = {isa = PBXFileReference; fileEncoding = 4; lastKnownFileType = sourcecode.swift; path = Location.swift; sourceTree = "<group>"; };
		B69F76A51DE3FF36000A3166 /* LocationManager.swift */ = {isa = PBXFileReference; fileEncoding = 4; lastKnownFileType = sourcecode.swift; path = LocationManager.swift; sourceTree = "<group>"; };
		B69F76A61DE3FF36000A3166 /* RealmUserDefaults.swift */ = {isa = PBXFileReference; fileEncoding = 4; lastKnownFileType = sourcecode.swift; path = RealmUserDefaults.swift; sourceTree = "<group>"; };
		B69F76AB1DE3FF86000A3166 /* River Map.storyboard */ = {isa = PBXFileReference; fileEncoding = 4; lastKnownFileType = file.storyboard; path = "River Map.storyboard"; sourceTree = "<group>"; };
		B69F76AD1DE40D63000A3166 /* UIImageDownloadedFrom.swift */ = {isa = PBXFileReference; fileEncoding = 4; lastKnownFileType = sourcecode.swift; path = UIImageDownloadedFrom.swift; sourceTree = "<group>"; };
		B69F76AF1DE428AA000A3166 /* Basic Kit.storyboard */ = {isa = PBXFileReference; fileEncoding = 4; lastKnownFileType = file.storyboard; path = "Basic Kit.storyboard"; sourceTree = "<group>"; };
		B69F76B11DE428B9000A3166 /* Plan Ahead.storyboard */ = {isa = PBXFileReference; fileEncoding = 4; lastKnownFileType = file.storyboard; path = "Plan Ahead.storyboard"; sourceTree = "<group>"; };
		B69F76B41DE429D4000A3166 /* PlanAheadViewController.swift */ = {isa = PBXFileReference; fileEncoding = 4; lastKnownFileType = sourcecode.swift; name = PlanAheadViewController.swift; path = "Web Views/PlanAheadViewController.swift"; sourceTree = "<group>"; };
		B69F76B61DE429E3000A3166 /* BasicKitViewController.swift */ = {isa = PBXFileReference; fileEncoding = 4; lastKnownFileType = sourcecode.swift; name = BasicKitViewController.swift; path = "Web Views/BasicKitViewController.swift"; sourceTree = "<group>"; };
		B69F76B81DE431F2000A3166 /* Make A List.storyboard */ = {isa = PBXFileReference; fileEncoding = 4; lastKnownFileType = file.storyboard; path = "Make A List.storyboard"; sourceTree = "<group>"; };
		B6AA49CB1DD82E1000905DCA /* DisasterInfoType.swift */ = {isa = PBXFileReference; fileEncoding = 4; lastKnownFileType = sourcecode.swift; path = DisasterInfoType.swift; sourceTree = "<group>"; };
		B6AA49CD1DD8328600905DCA /* DisasterInfoPageController.swift */ = {isa = PBXFileReference; fileEncoding = 4; lastKnownFileType = sourcecode.swift; path = DisasterInfoPageController.swift; sourceTree = "<group>"; };
		B6BDF99D1DC7F5E800F5AD48 /* DamageReportInputValidator.swift */ = {isa = PBXFileReference; fileEncoding = 4; lastKnownFileType = sourcecode.swift; path = DamageReportInputValidator.swift; sourceTree = "<group>"; };
		B6D051201DDEC2CB00AB1741 /* FeedData.swift */ = {isa = PBXFileReference; fileEncoding = 4; lastKnownFileType = sourcecode.swift; path = FeedData.swift; sourceTree = "<group>"; };
		B6D051221DDEC2EB00AB1741 /* CountyData.swift */ = {isa = PBXFileReference; fileEncoding = 4; lastKnownFileType = sourcecode.swift; path = CountyData.swift; sourceTree = "<group>"; };
		B6D051241DDEC30C00AB1741 /* AlertData.swift */ = {isa = PBXFileReference; fileEncoding = 4; lastKnownFileType = sourcecode.swift; path = AlertData.swift; sourceTree = "<group>"; };
		B6D051261DDEC35400AB1741 /* WeatherData.swift */ = {isa = PBXFileReference; fileEncoding = 4; lastKnownFileType = sourcecode.swift; path = WeatherData.swift; sourceTree = "<group>"; };
		B6D051281DDEC3DC00AB1741 /* RoadData.swift */ = {isa = PBXFileReference; fileEncoding = 4; lastKnownFileType = sourcecode.swift; path = RoadData.swift; sourceTree = "<group>"; };
		B6D0512A1DDEC43C00AB1741 /* AirQualityData.swift */ = {isa = PBXFileReference; fileEncoding = 4; lastKnownFileType = sourcecode.swift; path = AirQualityData.swift; sourceTree = "<group>"; };
		B6D0512C1DDEC6D300AB1741 /* FeedOrientation.swift */ = {isa = PBXFileReference; fileEncoding = 4; lastKnownFileType = sourcecode.swift; path = FeedOrientation.swift; sourceTree = "<group>"; };
		B6D0512E1DDECF4C00AB1741 /* FeedParse.swift */ = {isa = PBXFileReference; fileEncoding = 4; lastKnownFileType = sourcecode.swift; path = FeedParse.swift; sourceTree = "<group>"; };
		B6D051301DDECFA500AB1741 /* FeedRequest.swift */ = {isa = PBXFileReference; fileEncoding = 4; lastKnownFileType = sourcecode.swift; path = FeedRequest.swift; sourceTree = "<group>"; };
		B6D051321DDED18000AB1741 /* FeedOperation.swift */ = {isa = PBXFileReference; fileEncoding = 4; lastKnownFileType = sourcecode.swift; path = FeedOperation.swift; sourceTree = "<group>"; };
		B6D051351DDED2B000AB1741 /* WeatherTableViewCell.swift */ = {isa = PBXFileReference; fileEncoding = 4; lastKnownFileType = sourcecode.swift; path = WeatherTableViewCell.swift; sourceTree = "<group>"; };
		B6D051371DDED2BE00AB1741 /* AlertTableViewCell.swift */ = {isa = PBXFileReference; fileEncoding = 4; lastKnownFileType = sourcecode.swift; path = AlertTableViewCell.swift; sourceTree = "<group>"; };
		B6D051391DDED2C900AB1741 /* RoadIncidentTableViewCell.swift */ = {isa = PBXFileReference; fileEncoding = 4; lastKnownFileType = sourcecode.swift; path = RoadIncidentTableViewCell.swift; sourceTree = "<group>"; };
		B6D0513B1DDED2DC00AB1741 /* AirQualityTableViewCell.swift */ = {isa = PBXFileReference; fileEncoding = 4; lastKnownFileType = sourcecode.swift; path = AirQualityTableViewCell.swift; sourceTree = "<group>"; };
		B6D0513D1DE293B300AB1741 /* FeedDataValue.swift */ = {isa = PBXFileReference; fileEncoding = 4; lastKnownFileType = sourcecode.swift; path = FeedDataValue.swift; sourceTree = "<group>"; };
		B6D0513F1DE2B3C900AB1741 /* IconFactory.swift */ = {isa = PBXFileReference; fileEncoding = 4; lastKnownFileType = sourcecode.swift; path = IconFactory.swift; sourceTree = "<group>"; };
		B6DA41F01DDA096C00CEB6E5 /* DamageReportRequest.swift */ = {isa = PBXFileReference; fileEncoding = 4; lastKnownFileType = sourcecode.swift; path = DamageReportRequest.swift; sourceTree = "<group>"; };
		B6DA41F21DDA123B00CEB6E5 /* DamageReportOperation.swift */ = {isa = PBXFileReference; fileEncoding = 4; lastKnownFileType = sourcecode.swift; path = DamageReportOperation.swift; sourceTree = "<group>"; };
		B6DA41F51DDA2F4100CEB6E5 /* EmptyState.swift */ = {isa = PBXFileReference; fileEncoding = 4; lastKnownFileType = sourcecode.swift; name = EmptyState.swift; path = EmptyState/EmptyState.swift; sourceTree = "<group>"; };
		B6DA41F71DDA2F5900CEB6E5 /* EmptyState.xib */ = {isa = PBXFileReference; fileEncoding = 4; lastKnownFileType = file.xib; name = EmptyState.xib; path = EmptyState/EmptyState.xib; sourceTree = "<group>"; };
		B6DA41F91DDA313A00CEB6E5 /* BundleExtension.swift */ = {isa = PBXFileReference; fileEncoding = 4; lastKnownFileType = sourcecode.swift; path = BundleExtension.swift; sourceTree = "<group>"; };
		F110EB010FF8B96B63B5F0ED /* Pods-Ready Badger.debug.xcconfig */ = {isa = PBXFileReference; includeInIndex = 1; lastKnownFileType = text.xcconfig; name = "Pods-Ready Badger.debug.xcconfig"; path = "Pods/Target Support Files/Pods-Ready Badger/Pods-Ready Badger.debug.xcconfig"; sourceTree = "<group>"; };
		FCA8D8F889F1DD002E1685AE /* Pods-Ready Badger.release.xcconfig */ = {isa = PBXFileReference; includeInIndex = 1; lastKnownFileType = text.xcconfig; name = "Pods-Ready Badger.release.xcconfig"; path = "Pods/Target Support Files/Pods-Ready Badger/Pods-Ready Badger.release.xcconfig"; sourceTree = "<group>"; };
/* End PBXFileReference section */

/* Begin PBXFrameworksBuildPhase section */
		B62E73581DA1D21F00C33683 /* Frameworks */ = {
			isa = PBXFrameworksBuildPhase;
			buildActionMask = 2147483647;
			files = (
				0150C56A4E80452BF18CCFD4 /* Pods_Ready_Badger.framework in Frameworks */,
			);
			runOnlyForDeploymentPostprocessing = 0;
		};
/* End PBXFrameworksBuildPhase section */

/* Begin PBXGroup section */
		1CA0D001EF18FD3C47CB7594 /* Pods */ = {
			isa = PBXGroup;
			children = (
				F110EB010FF8B96B63B5F0ED /* Pods-Ready Badger.debug.xcconfig */,
				FCA8D8F889F1DD002E1685AE /* Pods-Ready Badger.release.xcconfig */,
			);
			name = Pods;
			sourceTree = "<group>";
		};
		3AC0C794BF01E2F7EC80AB01 /* Frameworks */ = {
			isa = PBXGroup;
			children = (
				61B2757CB373119119FCEFAC /* Pods_Ready_Badger.framework */,
			);
			name = Frameworks;
			sourceTree = "<group>";
		};
		B612E5E21DD0EB330098D47C /* Disaster Info */ = {
			isa = PBXGroup;
			children = (
				B655A5CE1DD1510600401155 /* Disaster HTML */,
				B612E5E31DD0EB4C0098D47C /* DisasterInfoViewController.swift */,
				B6AA49CB1DD82E1000905DCA /* DisasterInfoType.swift */,
				B6AA49CD1DD8328600905DCA /* DisasterInfoPageController.swift */,
			);
			path = "Disaster Info";
			sourceTree = "<group>";
		};
		B61981001DBDB9FE00787101 /* Model */ = {
			isa = PBXGroup;
			children = (
				B6BDF99D1DC7F5E800F5AD48 /* DamageReportInputValidator.swift */,
				B61981011DBDBA0B00787101 /* DamageReport.swift */,
				B619810B1DBDCF8B00787101 /* Answer.swift */,
				B61981031DBDBC7800787101 /* DisasterType.swift */,
				B61981051DBDC5C700787101 /* State.swift */,
				B61981071DBDCA2100787101 /* Ownership.swift */,
				B619810F1DBDF8A500787101 /* DamageReportDataSource.swift */,
				B61981111DBDF8B200787101 /* DamageReportCellType.swift */,
			);
			name = Model;
			path = "Damage Report/Model";
			sourceTree = "<group>";
		};
		B627DA611DAA21C5009EC6FB /* Parse */ = {
			isa = PBXGroup;
			children = (
				B627DA621DAA21D5009EC6FB /* CountyDataParse.swift */,
				B630D5811DD96BEA0061F2F4 /* DisasterResourceParse.swift */,
				B6D0512E1DDECF4C00AB1741 /* FeedParse.swift */,
			);
			path = Parse;
			sourceTree = "<group>";
		};
		B627DA661DAA2386009EC6FB /* Persistence Layer */ = {
			isa = PBXGroup;
			children = (
				B627DA6D1DAA2650009EC6FB /* Writes */,
				B627DA6C1DAA2636009EC6FB /* Queries */,
				B627DA691DAA25B7009EC6FB /* Objects */,
			);
			name = "Persistence Layer";
			sourceTree = "<group>";
		};
		B627DA691DAA25B7009EC6FB /* Objects */ = {
			isa = PBXGroup;
			children = (
				B627DA6A1DAA25B7009EC6FB /* County.swift */,
				B630D57F1DD93D0B0061F2F4 /* DisasterResource.swift */,
			);
			name = Objects;
			path = Persistence/Objects;
			sourceTree = "<group>";
		};
		B627DA6C1DAA2636009EC6FB /* Queries */ = {
			isa = PBXGroup;
			children = (
				B627DA701DAA32B4009EC6FB /* CountyQueries.swift */,
				B630D5891DD981110061F2F4 /* DisasterResourceQuery.swift */,
			);
			name = Queries;
			path = Persistence/Queries;
			sourceTree = "<group>";
		};
		B627DA6D1DAA2650009EC6FB /* Writes */ = {
			isa = PBXGroup;
			children = (
				B627DA6E1DAA2660009EC6FB /* CountyWrites.swift */,
				B630D5871DD97CB40061F2F4 /* DisasterResourceWrite.swift */,
			);
			name = Writes;
			path = Persistence/Writes;
			sourceTree = "<group>";
		};
		B627DA7B1DAA4389009EC6FB /* Extensions */ = {
			isa = PBXGroup;
			children = (
				B627DA7C1DAA4389009EC6FB /* DefaultTheme.swift */,
				B627DA7D1DAA4389009EC6FB /* Searchable.swift */,
			);
			path = Extensions;
			sourceTree = "<group>";
		};
		B627DA861DAB6C2B009EC6FB /* Feed Model */ = {
			isa = PBXGroup;
			children = (
				B6D051201DDEC2CB00AB1741 /* FeedData.swift */,
				B6D051221DDEC2EB00AB1741 /* CountyData.swift */,
				B6D051241DDEC30C00AB1741 /* AlertData.swift */,
				B6D051261DDEC35400AB1741 /* WeatherData.swift */,
				B6D051281DDEC3DC00AB1741 /* RoadData.swift */,
				B6D0512A1DDEC43C00AB1741 /* AirQualityData.swift */,
				B6D0512C1DDEC6D300AB1741 /* FeedOrientation.swift */,
				B6D0513D1DE293B300AB1741 /* FeedDataValue.swift */,
				B6D0513F1DE2B3C900AB1741 /* IconFactory.swift */,
			);
			name = "Feed Model";
			path = "Feed Items";
			sourceTree = "<group>";
		};
		B627DA8F1DB4B06A009EC6FB /* Damage Report */ = {
			isa = PBXGroup;
			children = (
				B627DA9C1DB51EDC009EC6FB /* FormTableViewController.swift */,
				B627DA901DB4B093009EC6FB /* DamageReportTableController.swift */,
				B6469E871DD04F4A002B109B /* DescriptionViewController.swift */,
				B627DA921DB4B9B7009EC6FB /* OptionController.swift */,
				B627DA9A1DB513CA009EC6FB /* DamageReportSegues.swift */,
				B63BFF081DEA5786004C2398 /* CameraActionSheetFactory.swift */,
				B6469E891DD04F72002B109B /* Cells */,
				B61981001DBDB9FE00787101 /* Model */,
			);
			name = "Damage Report";
			sourceTree = "<group>";
		};
		B62E73521DA1D21F00C33683 = {
			isa = PBXGroup;
			children = (
				B62E735D1DA1D21F00C33683 /* Ready Badger */,
				B62E735C1DA1D21F00C33683 /* Products */,
				1CA0D001EF18FD3C47CB7594 /* Pods */,
				3AC0C794BF01E2F7EC80AB01 /* Frameworks */,
			);
			sourceTree = "<group>";
		};
		B62E735C1DA1D21F00C33683 /* Products */ = {
			isa = PBXGroup;
			children = (
				B62E735B1DA1D21F00C33683 /* Ready Badger.app */,
			);
			name = Products;
			sourceTree = "<group>";
		};
		B62E735D1DA1D21F00C33683 /* Ready Badger */ = {
			isa = PBXGroup;
			children = (
				B62E736A1DA1D21F00C33683 /* Info.plist */,
				B62E735E1DA1D21F00C33683 /* AppDelegate.swift */,
				B67510EE1DA23DD500E81CB3 /* UIColorAppColors.swift */,
				B6DA41F91DDA313A00CEB6E5 /* BundleExtension.swift */,
				B62E73651DA1D21F00C33683 /* Assets.xcassets */,
				B69F76A31DE3FF36000A3166 /* Keys.swift */,
				B69F76A41DE3FF36000A3166 /* Location.swift */,
				B69F76A51DE3FF36000A3166 /* LocationManager.swift */,
				B69F76A61DE3FF36000A3166 /* RealmUserDefaults.swift */,
				B65D25E91DAA0615001A3634 /* Network Layer */,
				B67510E91DA2389B00E81CB3 /* Alert Feed */,
				B627DA8F1DB4B06A009EC6FB /* Damage Report */,
				B627DA661DAA2386009EC6FB /* Persistence Layer */,
				B69F76BA1DE4329D000A3166 /* Make A List */,
				B69F76B31DE4299A000A3166 /* Web Views */,
				B69F76941DE3FF2D000A3166 /* River Maps */,
				B6DA41F41DDA2F1C00CEB6E5 /* Empty State */,
				B630D5781DD911C80061F2F4 /* Disaster Resources */,
				B612E5E21DD0EB330098D47C /* Disaster Info */,
				B69004BC1DA9CF8E0001D4F8 /* Storyboards */,
				B627DA7B1DAA4389009EC6FB /* Extensions */,
				B69004C71DA9D7B80001D4F8 /* County Settings */,
				B67510E41DA22C1400E81CB3 /* 3rd Party */,
				B67510D91DA2271A00E81CB3 /* Hamburger Architecure */,
			);
			path = "Ready Badger";
			sourceTree = "<group>";
		};
		B630D5781DD911C80061F2F4 /* Disaster Resources */ = {
			isa = PBXGroup;
			children = (
				B630D57B1DD931A60061F2F4 /* DisasterResourceBaseController.swift */,
				B630D5791DD912050061F2F4 /* DisasterResourcePageController.swift */,
				B630D57D1DD939D80061F2F4 /* DisasterResourceType.swift */,
				B630D58B1DD989120061F2F4 /* DisasterResourceCell.swift */,
			);
			name = "Disaster Resources";
			sourceTree = "<group>";
		};
		B6469E891DD04F72002B109B /* Cells */ = {
			isa = PBXGroup;
			children = (
				B6469E8A1DD04F72002B109B /* BasementFloodedCell.swift */,
				B6469E8B1DD04F72002B109B /* DamageReportCell.swift */,
				B6469E8C1DD04F72002B109B /* DamageReportLabelCell.swift */,
				B6469E8D1DD04F72002B109B /* DateCell.swift */,
				B6469E8E1DD04F72002B109B /* OptionTableViewCell.swift */,
				B612E5DE1DD0D89B0098D47C /* PictureCell.swift */,
			);
			name = Cells;
			path = "Damage Report/Cells";
			sourceTree = "<group>";
		};
		B655A5CE1DD1510600401155 /* Disaster HTML */ = {
			isa = PBXGroup;
			children = (
				B655A5CF1DD1510600401155 /* Bomb Threat.html */,
				B655A5D01DD1510600401155 /* Extreme Heat.html */,
				B655A5D11DD1510600401155 /* Fire.html */,
				B655A5D21DD1510600401155 /* Flood.html */,
				B655A5D31DD1510600401155 /* Hazardous Material.html */,
				B655A5D41DD1510600401155 /* Public Health Emergency.html */,
				B655A5D51DD1510600401155 /* Power Outage.html */,
				B655A5D61DD1510600401155 /* Thunderstorm.html */,
				B655A5D71DD1510600401155 /* Tornado.html */,
				B655A5D81DD1510600401155 /* Winter Storm.html */,
			);
			path = "Disaster HTML";
			sourceTree = "<group>";
		};
		B65D25E91DAA0615001A3634 /* Network Layer */ = {
			isa = PBXGroup;
			children = (
				B65D25EA1DAA0615001A3634 /* Abstractions */,
				B65D25F11DAA0615001A3634 /* BackendConfiguration.swift */,
				B65D25F21DAA0615001A3634 /* BackendService.swift */,
				B65D25F31DAA0615001A3634 /* NetworkQueue.swift */,
				B627DA611DAA21C5009EC6FB /* Parse */,
				B65D25F41DAA0615001A3634 /* Operations */,
				B65D25FA1DAA0615001A3634 /* Requests */,
				B65D26001DAA0615001A3634 /* Responses */,
			);
			path = "Network Layer";
			sourceTree = "<group>";
		};
		B65D25EA1DAA0615001A3634 /* Abstractions */ = {
			isa = PBXGroup;
			children = (
				B65D25EB1DAA0615001A3634 /* BackendOperation.swift */,
				B65D25EC1DAA0615001A3634 /* BackendRequest.swift */,
				B65D25ED1DAA0615001A3634 /* BackendRequestJSONExtension.swift */,
				B65D25EF1DAA0615001A3634 /* BackendServiceMethod.swift */,
				B627DA641DAA226C009EC6FB /* BackendResponseParse.swift */,
			);
			path = Abstractions;
			sourceTree = "<group>";
		};
		B65D25F41DAA0615001A3634 /* Operations */ = {
			isa = PBXGroup;
			children = (
				B65D261C1DAA086E001A3634 /* AllCountyOperation.swift */,
				B627DA841DAB51EA009EC6FB /* CurrentWeatherOperation.swift */,
				B630D5851DD96E320061F2F4 /* DisasterResourceOperation.swift */,
				B6DA41F21DDA123B00CEB6E5 /* DamageReportOperation.swift */,
				B6D051321DDED18000AB1741 /* FeedOperation.swift */,
			);
			path = Operations;
			sourceTree = "<group>";
		};
		B65D25FA1DAA0615001A3634 /* Requests */ = {
			isa = PBXGroup;
			children = (
				B65D261A1DAA07D0001A3634 /* AllCountyRequest.swift */,
				B627DA821DAB5016009EC6FB /* CurrentWeatherRequest.swift */,
				B630D5831DD96C0C0061F2F4 /* DisasterResourceRequest.swift */,
				B6DA41F01DDA096C00CEB6E5 /* DamageReportRequest.swift */,
				B6D051301DDECFA500AB1741 /* FeedRequest.swift */,
			);
			path = Requests;
			sourceTree = "<group>";
		};
		B65D26001DAA0615001A3634 /* Responses */ = {
			isa = PBXGroup;
			children = (
			);
			path = Responses;
			sourceTree = "<group>";
		};
		B67510D91DA2271A00E81CB3 /* Hamburger Architecure */ = {
			isa = PBXGroup;
			children = (
				B67510E21DA227EF00E81CB3 /* Menu Links.swift */,
				B67510DA1DA2271A00E81CB3 /* HamburgerMenu.swift */,
				B67510DB1DA2271A00E81CB3 /* MenuItem.swift */,
				B67510DC1DA2271A00E81CB3 /* MenuLinkCell.swift */,
				B67510DD1DA2271A00E81CB3 /* MenuTableViewController.swift */,
			);
			name = "Hamburger Architecure";
			path = "Hamburger Architecture/Hamburger Architecure";
			sourceTree = "<group>";
		};
		B67510E41DA22C1400E81CB3 /* 3rd Party */ = {
			isa = PBXGroup;
			children = (
				B67510E71DA2381700E81CB3 /* CAPSPageMenu.swift */,
			);
			path = "3rd Party";
			sourceTree = "<group>";
		};
		B67510E91DA2389B00E81CB3 /* Alert Feed */ = {
			isa = PBXGroup;
			children = (
				B6D051341DDED2B000AB1741 /* Cells */,
				B627DA861DAB6C2B009EC6FB /* Feed Model */,
				B67510EA1DA238BD00E81CB3 /* AlertFeedViewController.swift */,
				B67510EC1DA238E900E81CB3 /* FeedPageViewController.swift */,
			);
			path = "Alert Feed";
			sourceTree = "<group>";
		};
		B69004BC1DA9CF8E0001D4F8 /* Storyboards */ = {
			isa = PBXGroup;
			children = (
				B69004BD1DA9CF8E0001D4F8 /* Base.storyboard */,
				B69004BF1DA9CF8E0001D4F8 /* LaunchScreen.storyboard */,
				B69004C01DA9CF8E0001D4F8 /* Alert Feed.storyboard */,
				B69004C51DA9D2700001D4F8 /* County Settings.storyboard */,
				B627DA8D1DB47543009EC6FB /* Damage Report.storyboard */,
				B612E5E01DD0EB0E0098D47C /* Disaster Info.storyboard */,
				B630D5761DD8568C0061F2F4 /* Disaster Resources.storyboard */,
				B69F76AB1DE3FF86000A3166 /* River Map.storyboard */,
				B69F76AF1DE428AA000A3166 /* Basic Kit.storyboard */,
				B69F76B11DE428B9000A3166 /* Plan Ahead.storyboard */,
				B69F76B81DE431F2000A3166 /* Make A List.storyboard */,
			);
			path = Storyboards;
			sourceTree = "<group>";
		};
		B69004C71DA9D7B80001D4F8 /* County Settings */ = {
			isa = PBXGroup;
			children = (
				B69004C81DA9D8010001D4F8 /* CountySettingsViewController.swift */,
				B627DA721DAA4056009EC6FB /* CountyTableViewCell.swift */,
				B627DA801DAAC6A5009EC6FB /* CountySearchLogic.swift */,
			);
			name = "County Settings";
			sourceTree = "<group>";
		};
		B69F76941DE3FF2D000A3166 /* River Maps */ = {
			isa = PBXGroup;
			children = (
				B69F76AD1DE40D63000A3166 /* UIImageDownloadedFrom.swift */,
				B69F76951DE3FF2D000A3166 /* BubbleView.swift */,
				B69F76961DE3FF2D000A3166 /* CalloutAnnotation.swift */,
				B69F76971DE3FF2D000A3166 /* CalloutAnnotationView.swift */,
				B69F76981DE3FF2D000A3166 /* CustomAnnotation.swift */,
				B69F76991DE3FF2D000A3166 /* RiverItem.swift */,
				B69F769A1DE3FF2D000A3166 /* RiverMapViewController.swift */,
				B69F769B1DE3FF2D000A3166 /* RiversKMLParser.swift */,
			);
			path = "River Maps";
			sourceTree = "<group>";
		};
		B69F76B31DE4299A000A3166 /* Web Views */ = {
			isa = PBXGroup;
			children = (
				B69F76B41DE429D4000A3166 /* PlanAheadViewController.swift */,
				B69F76B61DE429E3000A3166 /* BasicKitViewController.swift */,
			);
			name = "Web Views";
			sourceTree = "<group>";
		};
		B69F76BA1DE4329D000A3166 /* Make A List */ = {
			isa = PBXGroup;
			children = (
			);
			path = "Make A List";
			sourceTree = "<group>";
		};
		B6D051341DDED2B000AB1741 /* Cells */ = {
			isa = PBXGroup;
			children = (
				B6D051351DDED2B000AB1741 /* WeatherTableViewCell.swift */,
				B6D051371DDED2BE00AB1741 /* AlertTableViewCell.swift */,
				B6D051391DDED2C900AB1741 /* RoadIncidentTableViewCell.swift */,
				B6D0513B1DDED2DC00AB1741 /* AirQualityTableViewCell.swift */,
			);
			path = Cells;
			sourceTree = "<group>";
		};
		B6DA41F41DDA2F1C00CEB6E5 /* Empty State */ = {
			isa = PBXGroup;
			children = (
				B6DA41F71DDA2F5900CEB6E5 /* EmptyState.xib */,
				B6DA41F51DDA2F4100CEB6E5 /* EmptyState.swift */,
			);
			name = "Empty State";
			sourceTree = "<group>";
		};
/* End PBXGroup section */

/* Begin PBXNativeTarget section */
		B62E735A1DA1D21F00C33683 /* Ready Badger */ = {
			isa = PBXNativeTarget;
			buildConfigurationList = B62E736D1DA1D21F00C33683 /* Build configuration list for PBXNativeTarget "Ready Badger" */;
			buildPhases = (
				697A01CE180ECF767BC40B0F /* [CP] Check Pods Manifest.lock */,
				B62E73571DA1D21F00C33683 /* Sources */,
				B62E73581DA1D21F00C33683 /* Frameworks */,
				B62E73591DA1D21F00C33683 /* Resources */,
				B2515563387263358F72CCC9 /* [CP] Embed Pods Frameworks */,
				93460812A9393C0FE3E80CB3 /* [CP] Copy Pods Resources */,
			);
			buildRules = (
			);
			dependencies = (
			);
			name = "Ready Badger";
			productName = "Ready Badger";
			productReference = B62E735B1DA1D21F00C33683 /* Ready Badger.app */;
			productType = "com.apple.product-type.application";
		};
/* End PBXNativeTarget section */

/* Begin PBXProject section */
		B62E73531DA1D21F00C33683 /* Project object */ = {
			isa = PBXProject;
			attributes = {
				LastSwiftUpdateCheck = 0800;
				LastUpgradeCheck = 0800;
				ORGANIZATIONNAME = "App Factory";
				TargetAttributes = {
					B62E735A1DA1D21F00C33683 = {
						CreatedOnToolsVersion = 8.0;
						DevelopmentTeam = 2T9JP2ZYVK;
						ProvisioningStyle = Automatic;
					};
				};
			};
			buildConfigurationList = B62E73561DA1D21F00C33683 /* Build configuration list for PBXProject "Ready Badger" */;
			compatibilityVersion = "Xcode 3.2";
			developmentRegion = English;
			hasScannedForEncodings = 0;
			knownRegions = (
				en,
				Base,
			);
			mainGroup = B62E73521DA1D21F00C33683;
			productRefGroup = B62E735C1DA1D21F00C33683 /* Products */;
			projectDirPath = "";
			projectRoot = "";
			targets = (
				B62E735A1DA1D21F00C33683 /* Ready Badger */,
			);
		};
/* End PBXProject section */

/* Begin PBXResourcesBuildPhase section */
		B62E73591DA1D21F00C33683 /* Resources */ = {
			isa = PBXResourcesBuildPhase;
			buildActionMask = 2147483647;
			files = (
				B69F76B21DE428B9000A3166 /* Plan Ahead.storyboard in Resources */,
				B69004C61DA9D2700001D4F8 /* County Settings.storyboard in Resources */,
				B655A5DC1DD1510600401155 /* Flood.html in Resources */,
				B630D5771DD8568C0061F2F4 /* Disaster Resources.storyboard in Resources */,
				B627DA8E1DB47543009EC6FB /* Damage Report.storyboard in Resources */,
				B655A5D91DD1510600401155 /* Bomb Threat.html in Resources */,
				B69004C11DA9CF8E0001D4F8 /* Base.storyboard in Resources */,
				B69004C41DA9CF8E0001D4F8 /* Alert Feed.storyboard in Resources */,
				B655A5E11DD1510600401155 /* Tornado.html in Resources */,
				B6DA41F81DDA2F5900CEB6E5 /* EmptyState.xib in Resources */,
				B655A5DD1DD1510600401155 /* Hazardous Material.html in Resources */,
				B655A5DA1DD1510600401155 /* Extreme Heat.html in Resources */,
				B655A5DE1DD1510600401155 /* Public Health Emergency.html in Resources */,
				B655A5DF1DD1510600401155 /* Power Outage.html in Resources */,
				B62E73661DA1D21F00C33683 /* Assets.xcassets in Resources */,
				B69004C31DA9CF8E0001D4F8 /* LaunchScreen.storyboard in Resources */,
				B655A5DB1DD1510600401155 /* Fire.html in Resources */,
				B69F76B01DE428AA000A3166 /* Basic Kit.storyboard in Resources */,
				B655A5E01DD1510600401155 /* Thunderstorm.html in Resources */,
				B69F76AC1DE3FF86000A3166 /* River Map.storyboard in Resources */,
				B612E5E11DD0EB0E0098D47C /* Disaster Info.storyboard in Resources */,
				B655A5E21DD1510600401155 /* Winter Storm.html in Resources */,
				B69F76B91DE431F2000A3166 /* Make A List.storyboard in Resources */,
			);
			runOnlyForDeploymentPostprocessing = 0;
		};
/* End PBXResourcesBuildPhase section */

/* Begin PBXShellScriptBuildPhase section */
		697A01CE180ECF767BC40B0F /* [CP] Check Pods Manifest.lock */ = {
			isa = PBXShellScriptBuildPhase;
			buildActionMask = 2147483647;
			files = (
			);
			inputPaths = (
			);
			name = "[CP] Check Pods Manifest.lock";
			outputPaths = (
			);
			runOnlyForDeploymentPostprocessing = 0;
			shellPath = /bin/sh;
			shellScript = "diff \"${PODS_ROOT}/../Podfile.lock\" \"${PODS_ROOT}/Manifest.lock\" > /dev/null\nif [ $? != 0 ] ; then\n    # print error to STDERR\n    echo \"error: The sandbox is not in sync with the Podfile.lock. Run 'pod install' or update your CocoaPods installation.\" >&2\n    exit 1\nfi\n";
			showEnvVarsInLog = 0;
		};
		93460812A9393C0FE3E80CB3 /* [CP] Copy Pods Resources */ = {
			isa = PBXShellScriptBuildPhase;
			buildActionMask = 2147483647;
			files = (
			);
			inputPaths = (
			);
			name = "[CP] Copy Pods Resources";
			outputPaths = (
			);
			runOnlyForDeploymentPostprocessing = 0;
			shellPath = /bin/sh;
			shellScript = "\"${SRCROOT}/Pods/Target Support Files/Pods-Ready Badger/Pods-Ready Badger-resources.sh\"\n";
			showEnvVarsInLog = 0;
		};
		B2515563387263358F72CCC9 /* [CP] Embed Pods Frameworks */ = {
			isa = PBXShellScriptBuildPhase;
			buildActionMask = 2147483647;
			files = (
			);
			inputPaths = (
			);
			name = "[CP] Embed Pods Frameworks";
			outputPaths = (
			);
			runOnlyForDeploymentPostprocessing = 0;
			shellPath = /bin/sh;
			shellScript = "\"${SRCROOT}/Pods/Target Support Files/Pods-Ready Badger/Pods-Ready Badger-frameworks.sh\"\n";
			showEnvVarsInLog = 0;
		};
/* End PBXShellScriptBuildPhase section */

/* Begin PBXSourcesBuildPhase section */
		B62E73571DA1D21F00C33683 /* Sources */ = {
			isa = PBXSourcesBuildPhase;
			buildActionMask = 2147483647;
			files = (
				B65D26051DAA0615001A3634 /* BackendRequest.swift in Sources */,
				B69F76A01DE3FF2D000A3166 /* RiverItem.swift in Sources */,
				B65D26041DAA0615001A3634 /* BackendOperation.swift in Sources */,
				B69F769E1DE3FF2D000A3166 /* CalloutAnnotationView.swift in Sources */,
				B69F76A71DE3FF36000A3166 /* Keys.swift in Sources */,
				B65D260B1DAA0615001A3634 /* BackendService.swift in Sources */,
				B61981081DBDCA2100787101 /* Ownership.swift in Sources */,
				B67510E11DA2271A00E81CB3 /* MenuTableViewController.swift in Sources */,
				B6D0513E1DE293B300AB1741 /* FeedDataValue.swift in Sources */,
				B6D051211DDEC2CB00AB1741 /* FeedData.swift in Sources */,
				B6D051271DDEC35400AB1741 /* WeatherData.swift in Sources */,
				B65D260C1DAA0615001A3634 /* NetworkQueue.swift in Sources */,
				B6DA41F11DDA096C00CEB6E5 /* DamageReportRequest.swift in Sources */,
				B65D26081DAA0615001A3634 /* BackendServiceMethod.swift in Sources */,
				B69F76A81DE3FF36000A3166 /* Location.swift in Sources */,
				B61981041DBDBC7800787101 /* DisasterType.swift in Sources */,
				B69F76A21DE3FF2D000A3166 /* RiversKMLParser.swift in Sources */,
				B6D051401DE2B3C900AB1741 /* IconFactory.swift in Sources */,
				B627DA911DB4B093009EC6FB /* DamageReportTableController.swift in Sources */,
				B627DA711DAA32B4009EC6FB /* CountyQueries.swift in Sources */,
				B65D261D1DAA086E001A3634 /* AllCountyOperation.swift in Sources */,
				B6D051381DDED2BE00AB1741 /* AlertTableViewCell.swift in Sources */,
				B67510EB1DA238BD00E81CB3 /* AlertFeedViewController.swift in Sources */,
				B619810C1DBDCF8B00787101 /* Answer.swift in Sources */,
				B6469E881DD04F4A002B109B /* DescriptionViewController.swift in Sources */,
				B6D0512D1DDEC6D300AB1741 /* FeedOrientation.swift in Sources */,
				B69004C91DA9D8010001D4F8 /* CountySettingsViewController.swift in Sources */,
				B67510DE1DA2271A00E81CB3 /* HamburgerMenu.swift in Sources */,
				B627DA9D1DB51EDC009EC6FB /* FormTableViewController.swift in Sources */,
				B627DA811DAAC6A5009EC6FB /* CountySearchLogic.swift in Sources */,
				B65D261B1DAA07D0001A3634 /* AllCountyRequest.swift in Sources */,
				B627DA6F1DAA2660009EC6FB /* CountyWrites.swift in Sources */,
				B6D051291DDEC3DC00AB1741 /* RoadData.swift in Sources */,
				B627DA631DAA21D5009EC6FB /* CountyDataParse.swift in Sources */,
				B69F76AE1DE40D64000A3166 /* UIImageDownloadedFrom.swift in Sources */,
				B630D5801DD93D0B0061F2F4 /* DisasterResource.swift in Sources */,
				B69F769C1DE3FF2D000A3166 /* BubbleView.swift in Sources */,
				B65D260A1DAA0615001A3634 /* BackendConfiguration.swift in Sources */,
				B627DA931DB4B9B7009EC6FB /* OptionController.swift in Sources */,
				B69F76A91DE3FF36000A3166 /* LocationManager.swift in Sources */,
				B61981061DBDC5C700787101 /* State.swift in Sources */,
				B67510EF1DA23DD500E81CB3 /* UIColorAppColors.swift in Sources */,
				B6DA41F31DDA123B00CEB6E5 /* DamageReportOperation.swift in Sources */,
				B6469E8F1DD04F72002B109B /* BasementFloodedCell.swift in Sources */,
				B6D051231DDEC2EB00AB1741 /* CountyData.swift in Sources */,
				B627DA851DAB51EA009EC6FB /* CurrentWeatherOperation.swift in Sources */,
				B6AA49CE1DD8328600905DCA /* DisasterInfoPageController.swift in Sources */,
				B627DA831DAB5016009EC6FB /* CurrentWeatherRequest.swift in Sources */,
				B630D5861DD96E320061F2F4 /* DisasterResourceOperation.swift in Sources */,
				B627DA651DAA226C009EC6FB /* BackendResponseParse.swift in Sources */,
				B6D051361DDED2B000AB1741 /* WeatherTableViewCell.swift in Sources */,
				B630D58A1DD981110061F2F4 /* DisasterResourceQuery.swift in Sources */,
				B6D051331DDED18000AB1741 /* FeedOperation.swift in Sources */,
				B69F76B51DE429D4000A3166 /* PlanAheadViewController.swift in Sources */,
				B69F76AA1DE3FF36000A3166 /* RealmUserDefaults.swift in Sources */,
				B69F76A11DE3FF2D000A3166 /* RiverMapViewController.swift in Sources */,
				B612E5DF1DD0D89B0098D47C /* PictureCell.swift in Sources */,
				B630D57A1DD912050061F2F4 /* DisasterResourcePageController.swift in Sources */,
				B61981101DBDF8A500787101 /* DamageReportDataSource.swift in Sources */,
				B612E5E41DD0EB4C0098D47C /* DisasterInfoViewController.swift in Sources */,
				B6DA41FA1DDA313A00CEB6E5 /* BundleExtension.swift in Sources */,
				B6D051311DDECFA500AB1741 /* FeedRequest.swift in Sources */,
				B67510E31DA227EF00E81CB3 /* Menu Links.swift in Sources */,
				B6469E901DD04F72002B109B /* DamageReportCell.swift in Sources */,
				B69F769D1DE3FF2D000A3166 /* CalloutAnnotation.swift in Sources */,
				B630D5841DD96C0C0061F2F4 /* DisasterResourceRequest.swift in Sources */,
				B627DA7F1DAA4389009EC6FB /* Searchable.swift in Sources */,
				B69F76B71DE429E3000A3166 /* BasicKitViewController.swift in Sources */,
				B61981021DBDBA0B00787101 /* DamageReport.swift in Sources */,
				B627DA7E1DAA4389009EC6FB /* DefaultTheme.swift in Sources */,
				B6469E931DD04F72002B109B /* OptionTableViewCell.swift in Sources */,
				B61981121DBDF8B200787101 /* DamageReportCellType.swift in Sources */,
				B6BDF99E1DC7F5E800F5AD48 /* DamageReportInputValidator.swift in Sources */,
				B6469E911DD04F72002B109B /* DamageReportLabelCell.swift in Sources */,
				B63BFF091DEA5786004C2398 /* CameraActionSheetFactory.swift in Sources */,
				B67510ED1DA238E900E81CB3 /* FeedPageViewController.swift in Sources */,
				B630D58C1DD989120061F2F4 /* DisasterResourceCell.swift in Sources */,
				B627DA6B1DAA25B7009EC6FB /* County.swift in Sources */,
				B630D5821DD96BEA0061F2F4 /* DisasterResourceParse.swift in Sources */,
				B67510E01DA2271A00E81CB3 /* MenuLinkCell.swift in Sources */,
				B65D26061DAA0615001A3634 /* BackendRequestJSONExtension.swift in Sources */,
				B6D0512F1DDECF4C00AB1741 /* FeedParse.swift in Sources */,
				B627DA9B1DB513CA009EC6FB /* DamageReportSegues.swift in Sources */,
				B6D0513A1DDED2C900AB1741 /* RoadIncidentTableViewCell.swift in Sources */,
				B630D5881DD97CB40061F2F4 /* DisasterResourceWrite.swift in Sources */,
				B67510DF1DA2271A00E81CB3 /* MenuItem.swift in Sources */,
				B6D0512B1DDEC43C00AB1741 /* AirQualityData.swift in Sources */,
				B630D57C1DD931A60061F2F4 /* DisasterResourceBaseController.swift in Sources */,
				B6DA41F61DDA2F4100CEB6E5 /* EmptyState.swift in Sources */,
				B6D051251DDEC30C00AB1741 /* AlertData.swift in Sources */,
				B630D57E1DD939D80061F2F4 /* DisasterResourceType.swift in Sources */,
				B62E735F1DA1D21F00C33683 /* AppDelegate.swift in Sources */,
				B6469E921DD04F72002B109B /* DateCell.swift in Sources */,
				B6D0513C1DDED2DC00AB1741 /* AirQualityTableViewCell.swift in Sources */,
				B67510E81DA2381700E81CB3 /* CAPSPageMenu.swift in Sources */,
				B627DA731DAA4056009EC6FB /* CountyTableViewCell.swift in Sources */,
				B6AA49CC1DD82E1000905DCA /* DisasterInfoType.swift in Sources */,
				B69F769F1DE3FF2D000A3166 /* CustomAnnotation.swift in Sources */,
			);
			runOnlyForDeploymentPostprocessing = 0;
		};
/* End PBXSourcesBuildPhase section */

/* Begin XCBuildConfiguration section */
		B62E736B1DA1D21F00C33683 /* Debug */ = {
			isa = XCBuildConfiguration;
			buildSettings = {
				ALWAYS_SEARCH_USER_PATHS = NO;
				CLANG_ANALYZER_NONNULL = YES;
				CLANG_CXX_LANGUAGE_STANDARD = "gnu++0x";
				CLANG_CXX_LIBRARY = "libc++";
				CLANG_ENABLE_MODULES = YES;
				CLANG_ENABLE_OBJC_ARC = YES;
				CLANG_WARN_BOOL_CONVERSION = YES;
				CLANG_WARN_CONSTANT_CONVERSION = YES;
				CLANG_WARN_DIRECT_OBJC_ISA_USAGE = YES_ERROR;
				CLANG_WARN_DOCUMENTATION_COMMENTS = YES;
				CLANG_WARN_EMPTY_BODY = YES;
				CLANG_WARN_ENUM_CONVERSION = YES;
				CLANG_WARN_INFINITE_RECURSION = YES;
				CLANG_WARN_INT_CONVERSION = YES;
				CLANG_WARN_OBJC_ROOT_CLASS = YES_ERROR;
				CLANG_WARN_SUSPICIOUS_MOVES = YES;
				CLANG_WARN_UNREACHABLE_CODE = YES;
				CLANG_WARN__DUPLICATE_METHOD_MATCH = YES;
				"CODE_SIGN_IDENTITY[sdk=iphoneos*]" = "iPhone Developer";
				COPY_PHASE_STRIP = NO;
				DEBUG_INFORMATION_FORMAT = dwarf;
				ENABLE_STRICT_OBJC_MSGSEND = YES;
				ENABLE_TESTABILITY = YES;
				GCC_C_LANGUAGE_STANDARD = gnu99;
				GCC_DYNAMIC_NO_PIC = NO;
				GCC_NO_COMMON_BLOCKS = YES;
				GCC_OPTIMIZATION_LEVEL = 0;
				GCC_PREPROCESSOR_DEFINITIONS = (
					"DEBUG=1",
					"$(inherited)",
				);
				GCC_WARN_64_TO_32_BIT_CONVERSION = YES;
				GCC_WARN_ABOUT_RETURN_TYPE = YES_ERROR;
				GCC_WARN_UNDECLARED_SELECTOR = YES;
				GCC_WARN_UNINITIALIZED_AUTOS = YES_AGGRESSIVE;
				GCC_WARN_UNUSED_FUNCTION = YES;
				GCC_WARN_UNUSED_VARIABLE = YES;
				IPHONEOS_DEPLOYMENT_TARGET = 10.0;
				MTL_ENABLE_DEBUG_INFO = YES;
				ONLY_ACTIVE_ARCH = YES;
				SDKROOT = iphoneos;
				SWIFT_ACTIVE_COMPILATION_CONDITIONS = DEBUG;
				SWIFT_OPTIMIZATION_LEVEL = "-Onone";
			};
			name = Debug;
		};
		B62E736C1DA1D21F00C33683 /* Release */ = {
			isa = XCBuildConfiguration;
			buildSettings = {
				ALWAYS_SEARCH_USER_PATHS = NO;
				CLANG_ANALYZER_NONNULL = YES;
				CLANG_CXX_LANGUAGE_STANDARD = "gnu++0x";
				CLANG_CXX_LIBRARY = "libc++";
				CLANG_ENABLE_MODULES = YES;
				CLANG_ENABLE_OBJC_ARC = YES;
				CLANG_WARN_BOOL_CONVERSION = YES;
				CLANG_WARN_CONSTANT_CONVERSION = YES;
				CLANG_WARN_DIRECT_OBJC_ISA_USAGE = YES_ERROR;
				CLANG_WARN_DOCUMENTATION_COMMENTS = YES;
				CLANG_WARN_EMPTY_BODY = YES;
				CLANG_WARN_ENUM_CONVERSION = YES;
				CLANG_WARN_INFINITE_RECURSION = YES;
				CLANG_WARN_INT_CONVERSION = YES;
				CLANG_WARN_OBJC_ROOT_CLASS = YES_ERROR;
				CLANG_WARN_SUSPICIOUS_MOVES = YES;
				CLANG_WARN_UNREACHABLE_CODE = YES;
				CLANG_WARN__DUPLICATE_METHOD_MATCH = YES;
				"CODE_SIGN_IDENTITY[sdk=iphoneos*]" = "iPhone Developer";
				COPY_PHASE_STRIP = NO;
				DEBUG_INFORMATION_FORMAT = "dwarf-with-dsym";
				ENABLE_NS_ASSERTIONS = NO;
				ENABLE_STRICT_OBJC_MSGSEND = YES;
				GCC_C_LANGUAGE_STANDARD = gnu99;
				GCC_NO_COMMON_BLOCKS = YES;
				GCC_WARN_64_TO_32_BIT_CONVERSION = YES;
				GCC_WARN_ABOUT_RETURN_TYPE = YES_ERROR;
				GCC_WARN_UNDECLARED_SELECTOR = YES;
				GCC_WARN_UNINITIALIZED_AUTOS = YES_AGGRESSIVE;
				GCC_WARN_UNUSED_FUNCTION = YES;
				GCC_WARN_UNUSED_VARIABLE = YES;
				IPHONEOS_DEPLOYMENT_TARGET = 10.0;
				MTL_ENABLE_DEBUG_INFO = NO;
				SDKROOT = iphoneos;
				SWIFT_OPTIMIZATION_LEVEL = "-Owholemodule";
				VALIDATE_PRODUCT = YES;
			};
			name = Release;
		};
		B62E736E1DA1D21F00C33683 /* Debug */ = {
			isa = XCBuildConfiguration;
			baseConfigurationReference = F110EB010FF8B96B63B5F0ED /* Pods-Ready Badger.debug.xcconfig */;
			buildSettings = {
				ASSETCATALOG_COMPILER_APPICON_NAME = AppIcon;
				DEVELOPMENT_TEAM = 2T9JP2ZYVK;
				INFOPLIST_FILE = "Ready Badger/Info.plist";
				IPHONEOS_DEPLOYMENT_TARGET = 9.0;
				LD_RUNPATH_SEARCH_PATHS = "$(inherited) @executable_path/Frameworks";
				PRODUCT_BUNDLE_IDENTIFIER = "uwp.edu.appFactory.Ready-Badger";
				PRODUCT_NAME = "$(TARGET_NAME)";
				SWIFT_VERSION = 3.0;
			};
			name = Debug;
		};
		B62E736F1DA1D21F00C33683 /* Release */ = {
			isa = XCBuildConfiguration;
			baseConfigurationReference = FCA8D8F889F1DD002E1685AE /* Pods-Ready Badger.release.xcconfig */;
			buildSettings = {
				ASSETCATALOG_COMPILER_APPICON_NAME = AppIcon;
				DEVELOPMENT_TEAM = 2T9JP2ZYVK;
				INFOPLIST_FILE = "Ready Badger/Info.plist";
				IPHONEOS_DEPLOYMENT_TARGET = 9.0;
				LD_RUNPATH_SEARCH_PATHS = "$(inherited) @executable_path/Frameworks";
				PRODUCT_BUNDLE_IDENTIFIER = "uwp.edu.appFactory.Ready-Badger";
				PRODUCT_NAME = "$(TARGET_NAME)";
				SWIFT_VERSION = 3.0;
			};
			name = Release;
		};
/* End XCBuildConfiguration section */

/* Begin XCConfigurationList section */
		B62E73561DA1D21F00C33683 /* Build configuration list for PBXProject "Ready Badger" */ = {
			isa = XCConfigurationList;
			buildConfigurations = (
				B62E736B1DA1D21F00C33683 /* Debug */,
				B62E736C1DA1D21F00C33683 /* Release */,
			);
			defaultConfigurationIsVisible = 0;
			defaultConfigurationName = Release;
		};
		B62E736D1DA1D21F00C33683 /* Build configuration list for PBXNativeTarget "Ready Badger" */ = {
			isa = XCConfigurationList;
			buildConfigurations = (
				B62E736E1DA1D21F00C33683 /* Debug */,
				B62E736F1DA1D21F00C33683 /* Release */,
			);
			defaultConfigurationIsVisible = 0;
			defaultConfigurationName = Release;
		};
/* End XCConfigurationList section */
	};
	rootObject = B62E73531DA1D21F00C33683 /* Project object */;
}
